// !$*UTF8*$!
{
	archiveVersion = 1;
	classes = {
	};
	objectVersion = 46;
	objects = {

/* Begin PBXBuildFile section */
		0C0CD0C71CABD5FB00F682F9 /* Enum.swift in Sources */ = {isa = PBXBuildFile; fileRef = 0C0CD0C31CABD5FB00F682F9 /* Enum.swift */; };
		0C0CD0C81CABD5FB00F682F9 /* FontAwesome.otf in Resources */ = {isa = PBXBuildFile; fileRef = 0C0CD0C51CABD5FB00F682F9 /* FontAwesome.otf */; };
		0C0CD0C91CABD5FB00F682F9 /* FontAwesome.swift in Sources */ = {isa = PBXBuildFile; fileRef = 0C0CD0C61CABD5FB00F682F9 /* FontAwesome.swift */; };
		0C0CD0CB1CAD016600F682F9 /* RecipeViewController.swift in Sources */ = {isa = PBXBuildFile; fileRef = 0C0CD0CA1CAD016600F682F9 /* RecipeViewController.swift */; };
		0C0CD0CD1CAD614F00F682F9 /* DirectionTableViewCell.swift in Sources */ = {isa = PBXBuildFile; fileRef = 0C0CD0CC1CAD614F00F682F9 /* DirectionTableViewCell.swift */; };
		0C0CD0CF1CAD618E00F682F9 /* IngredientTableViewCell.swift in Sources */ = {isa = PBXBuildFile; fileRef = 0C0CD0CE1CAD618E00F682F9 /* IngredientTableViewCell.swift */; };
		0C0CD0D11CAD61CC00F682F9 /* SectionHeaderTableViewCell.swift in Sources */ = {isa = PBXBuildFile; fileRef = 0C0CD0D01CAD61CC00F682F9 /* SectionHeaderTableViewCell.swift */; };
		0C0CD0D31CAD627000F682F9 /* PrepTimeTableViewCell.swift in Sources */ = {isa = PBXBuildFile; fileRef = 0C0CD0D21CAD627000F682F9 /* PrepTimeTableViewCell.swift */; };
		0C192F171CB27FC500811CB4 /* tableview-bg-568h@2x.png in Resources */ = {isa = PBXBuildFile; fileRef = 0C192F111CB27FC500811CB4 /* tableview-bg-568h@2x.png */; };
		0C192F181CB27FC500811CB4 /* tableview-bg-667h@2x.png in Resources */ = {isa = PBXBuildFile; fileRef = 0C192F121CB27FC500811CB4 /* tableview-bg-667h@2x.png */; };
		0C192F191CB27FC500811CB4 /* tableview-bg-736h@3x.png in Resources */ = {isa = PBXBuildFile; fileRef = 0C192F131CB27FC500811CB4 /* tableview-bg-736h@3x.png */; };
		0C192F1A1CB27FC500811CB4 /* tableview-bg.png in Resources */ = {isa = PBXBuildFile; fileRef = 0C192F141CB27FC500811CB4 /* tableview-bg.png */; };
		0C192F1B1CB27FC500811CB4 /* tableview-bg@2x.png in Resources */ = {isa = PBXBuildFile; fileRef = 0C192F151CB27FC500811CB4 /* tableview-bg@2x.png */; };
		0C192F1C1CB27FC500811CB4 /* tableview-bg@3x.png in Resources */ = {isa = PBXBuildFile; fileRef = 0C192F161CB27FC500811CB4 /* tableview-bg@3x.png */; };
		0C192F1E1CB28E6400811CB4 /* RecipeImageTableViewCell.swift in Sources */ = {isa = PBXBuildFile; fileRef = 0C192F1D1CB28E6400811CB4 /* RecipeImageTableViewCell.swift */; };
		0C192F201CB295DB00811CB4 /* RecipeDetailSectionHeaderTableViewCell.swift in Sources */ = {isa = PBXBuildFile; fileRef = 0C192F1F1CB295DB00811CB4 /* RecipeDetailSectionHeaderTableViewCell.swift */; };
		0C7BD9CB1CA7F7120056ADCD /* CategoriesViewController.swift in Sources */ = {isa = PBXBuildFile; fileRef = 0C7BD9CA1CA7F7120056ADCD /* CategoriesViewController.swift */; };
		0C7BD9CD1CA8020E0056ADCD /* FavoritesViewController.swift in Sources */ = {isa = PBXBuildFile; fileRef = 0C7BD9CC1CA8020E0056ADCD /* FavoritesViewController.swift */; };
		0C7BD9CF1CA802780056ADCD /* RecipesViewController.swift in Sources */ = {isa = PBXBuildFile; fileRef = 0C7BD9CE1CA802780056ADCD /* RecipesViewController.swift */; };
		0C7BD9E61CA808D00056ADCD /* Recipe.swift in Sources */ = {isa = PBXBuildFile; fileRef = 0C7BD9E51CA808D00056ADCD /* Recipe.swift */; };
		0C7BD9E81CA809AD0056ADCD /* ParseHelper.swift in Sources */ = {isa = PBXBuildFile; fileRef = 0C7BD9E71CA809AD0056ADCD /* ParseHelper.swift */; };
		0C7BD9EB1CA80DAF0056ADCD /* ParseRecipe.swift in Sources */ = {isa = PBXBuildFile; fileRef = 0C7BD9EA1CA80DAF0056ADCD /* ParseRecipe.swift */; };
		0C7BDA781CA90DB70056ADCD /* RecipeTableViewCell.swift in Sources */ = {isa = PBXBuildFile; fileRef = 0C7BDA771CA90DB70056ADCD /* RecipeTableViewCell.swift */; };
		0C7BDA7A1CA90E650056ADCD /* RecipeDetails.swift in Sources */ = {isa = PBXBuildFile; fileRef = 0C7BDA791CA90E650056ADCD /* RecipeDetails.swift */; };
		0C7BDA7C1CA931F80056ADCD /* Constants.swift in Sources */ = {isa = PBXBuildFile; fileRef = 0C7BDA7B1CA931F80056ADCD /* Constants.swift */; };
		0C7BDA7E1CA942DF0056ADCD /* Helpers.swift in Sources */ = {isa = PBXBuildFile; fileRef = 0C7BDA7D1CA942DF0056ADCD /* Helpers.swift */; };
		0C7BDA811CA95E260056ADCD /* Localizable.strings in Resources */ = {isa = PBXBuildFile; fileRef = 0C7BDA831CA95E260056ADCD /* Localizable.strings */; };
		0C7BDA851CA969BB0056ADCD /* Extensions.swift in Sources */ = {isa = PBXBuildFile; fileRef = 0C7BDA841CA969BB0056ADCD /* Extensions.swift */; };
		0CD15FF01CB1323200C7B828 /* hillelclm-medium-webfont.ttf in Resources */ = {isa = PBXBuildFile; fileRef = 0CD15FEF1CB1323200C7B828 /* hillelclm-medium-webfont.ttf */; };
		0CD15FF31CB140F000C7B828 /* Alef-bold.ttf in Resources */ = {isa = PBXBuildFile; fileRef = 0CD15FF11CB140F000C7B828 /* Alef-bold.ttf */; };
		0CD15FF41CB140F000C7B828 /* Alef-regular.ttf in Resources */ = {isa = PBXBuildFile; fileRef = 0CD15FF21CB140F000C7B828 /* Alef-regular.ttf */; };
		0CD15FF61CB14C8500C7B828 /* RecipeSubtitleTableViewCell.swift in Sources */ = {isa = PBXBuildFile; fileRef = 0CD15FF51CB14C8500C7B828 /* RecipeSubtitleTableViewCell.swift */; };
		81BA814B1A49DA1800E65899 /* AppDelegate.swift in Sources */ = {isa = PBXBuildFile; fileRef = 81BA814A1A49DA1800E65899 /* AppDelegate.swift */; };
		81BA814D1A49DA1800E65899 /* ViewController.swift in Sources */ = {isa = PBXBuildFile; fileRef = 81BA814C1A49DA1800E65899 /* ViewController.swift */; };
		81BA81501A49DA1800E65899 /* Main.storyboard in Resources */ = {isa = PBXBuildFile; fileRef = 81BA814E1A49DA1800E65899 /* Main.storyboard */; };
		81BA81521A49DA1800E65899 /* Images.xcassets in Resources */ = {isa = PBXBuildFile; fileRef = 81BA81511A49DA1800E65899 /* Images.xcassets */; };
		81BA81701A49DB6800E65899 /* Bolts.framework in Frameworks */ = {isa = PBXBuildFile; fileRef = 81BA816B1A49DB6800E65899 /* Bolts.framework */; };
		81BA81711A49DB6800E65899 /* Parse.framework in Frameworks */ = {isa = PBXBuildFile; fileRef = 81BA816C1A49DB6800E65899 /* Parse.framework */; };
		81BA81721A49DB6800E65899 /* ParseCrashReporting.framework in Frameworks */ = {isa = PBXBuildFile; fileRef = 81BA816D1A49DB6800E65899 /* ParseCrashReporting.framework */; };
		81BA81731A49DB6800E65899 /* ParseFacebookUtils.framework in Frameworks */ = {isa = PBXBuildFile; fileRef = 81BA816E1A49DB6800E65899 /* ParseFacebookUtils.framework */; };
		81BA81771A49E0D500E65899 /* libsqlite3.dylib in Frameworks */ = {isa = PBXBuildFile; fileRef = 81BA81761A49E0D500E65899 /* libsqlite3.dylib */; };
		81BA81791A49E0DB00E65899 /* AudioToolbox.framework in Frameworks */ = {isa = PBXBuildFile; fileRef = 81BA81781A49E0DB00E65899 /* AudioToolbox.framework */; };
		81BA817B1A49E0E500E65899 /* SystemConfiguration.framework in Frameworks */ = {isa = PBXBuildFile; fileRef = 81BA817A1A49E0E500E65899 /* SystemConfiguration.framework */; };
		81BA817F1A49E0F000E65899 /* libstdc++.6.dylib in Frameworks */ = {isa = PBXBuildFile; fileRef = 81BA817E1A49E0F000E65899 /* libstdc++.6.dylib */; };
		81BA81811A49E10C00E65899 /* ParseUI.framework in Frameworks */ = {isa = PBXBuildFile; fileRef = 81BA81801A49E10C00E65899 /* ParseUI.framework */; };
/* End PBXBuildFile section */

/* Begin PBXFileReference section */
		0C0CD0C31CABD5FB00F682F9 /* Enum.swift */ = {isa = PBXFileReference; fileEncoding = 4; lastKnownFileType = sourcecode.swift; path = Enum.swift; sourceTree = "<group>"; };
		0C0CD0C41CABD5FB00F682F9 /* FontAwesome.h */ = {isa = PBXFileReference; fileEncoding = 4; lastKnownFileType = sourcecode.c.h; path = FontAwesome.h; sourceTree = "<group>"; };
		0C0CD0C51CABD5FB00F682F9 /* FontAwesome.otf */ = {isa = PBXFileReference; lastKnownFileType = file; path = FontAwesome.otf; sourceTree = "<group>"; };
		0C0CD0C61CABD5FB00F682F9 /* FontAwesome.swift */ = {isa = PBXFileReference; fileEncoding = 4; lastKnownFileType = sourcecode.swift; path = FontAwesome.swift; sourceTree = "<group>"; };
		0C0CD0CA1CAD016600F682F9 /* RecipeViewController.swift */ = {isa = PBXFileReference; fileEncoding = 4; lastKnownFileType = sourcecode.swift; path = RecipeViewController.swift; sourceTree = "<group>"; };
		0C0CD0CC1CAD614F00F682F9 /* DirectionTableViewCell.swift */ = {isa = PBXFileReference; fileEncoding = 4; lastKnownFileType = sourcecode.swift; path = DirectionTableViewCell.swift; sourceTree = "<group>"; };
		0C0CD0CE1CAD618E00F682F9 /* IngredientTableViewCell.swift */ = {isa = PBXFileReference; fileEncoding = 4; lastKnownFileType = sourcecode.swift; path = IngredientTableViewCell.swift; sourceTree = "<group>"; };
		0C0CD0D01CAD61CC00F682F9 /* SectionHeaderTableViewCell.swift */ = {isa = PBXFileReference; fileEncoding = 4; lastKnownFileType = sourcecode.swift; path = SectionHeaderTableViewCell.swift; sourceTree = "<group>"; };
		0C0CD0D21CAD627000F682F9 /* PrepTimeTableViewCell.swift */ = {isa = PBXFileReference; fileEncoding = 4; lastKnownFileType = sourcecode.swift; path = PrepTimeTableViewCell.swift; sourceTree = "<group>"; };
		0C192F111CB27FC500811CB4 /* tableview-bg-568h@2x.png */ = {isa = PBXFileReference; lastKnownFileType = image.png; path = "tableview-bg-568h@2x.png"; sourceTree = "<group>"; };
		0C192F121CB27FC500811CB4 /* tableview-bg-667h@2x.png */ = {isa = PBXFileReference; lastKnownFileType = image.png; path = "tableview-bg-667h@2x.png"; sourceTree = "<group>"; };
		0C192F131CB27FC500811CB4 /* tableview-bg-736h@3x.png */ = {isa = PBXFileReference; lastKnownFileType = image.png; path = "tableview-bg-736h@3x.png"; sourceTree = "<group>"; };
		0C192F141CB27FC500811CB4 /* tableview-bg.png */ = {isa = PBXFileReference; lastKnownFileType = image.png; path = "tableview-bg.png"; sourceTree = "<group>"; };
		0C192F151CB27FC500811CB4 /* tableview-bg@2x.png */ = {isa = PBXFileReference; lastKnownFileType = image.png; path = "tableview-bg@2x.png"; sourceTree = "<group>"; };
		0C192F161CB27FC500811CB4 /* tableview-bg@3x.png */ = {isa = PBXFileReference; lastKnownFileType = image.png; path = "tableview-bg@3x.png"; sourceTree = "<group>"; };
		0C192F1D1CB28E6400811CB4 /* RecipeImageTableViewCell.swift */ = {isa = PBXFileReference; fileEncoding = 4; lastKnownFileType = sourcecode.swift; path = RecipeImageTableViewCell.swift; sourceTree = "<group>"; };
		0C192F1F1CB295DB00811CB4 /* RecipeDetailSectionHeaderTableViewCell.swift */ = {isa = PBXFileReference; fileEncoding = 4; lastKnownFileType = sourcecode.swift; path = RecipeDetailSectionHeaderTableViewCell.swift; sourceTree = "<group>"; };
		0C7BD9CA1CA7F7120056ADCD /* CategoriesViewController.swift */ = {isa = PBXFileReference; fileEncoding = 4; lastKnownFileType = sourcecode.swift; path = CategoriesViewController.swift; sourceTree = "<group>"; };
		0C7BD9CC1CA8020E0056ADCD /* FavoritesViewController.swift */ = {isa = PBXFileReference; fileEncoding = 4; lastKnownFileType = sourcecode.swift; path = FavoritesViewController.swift; sourceTree = "<group>"; };
		0C7BD9CE1CA802780056ADCD /* RecipesViewController.swift */ = {isa = PBXFileReference; fileEncoding = 4; lastKnownFileType = sourcecode.swift; path = RecipesViewController.swift; sourceTree = "<group>"; };
		0C7BD9E51CA808D00056ADCD /* Recipe.swift */ = {isa = PBXFileReference; fileEncoding = 4; lastKnownFileType = sourcecode.swift; path = Recipe.swift; sourceTree = "<group>"; };
		0C7BD9E71CA809AD0056ADCD /* ParseHelper.swift */ = {isa = PBXFileReference; fileEncoding = 4; lastKnownFileType = sourcecode.swift; path = ParseHelper.swift; sourceTree = "<group>"; };
		0C7BD9EA1CA80DAF0056ADCD /* ParseRecipe.swift */ = {isa = PBXFileReference; fileEncoding = 4; lastKnownFileType = sourcecode.swift; path = ParseRecipe.swift; sourceTree = "<group>"; };
		0C7BDA771CA90DB70056ADCD /* RecipeTableViewCell.swift */ = {isa = PBXFileReference; fileEncoding = 4; lastKnownFileType = sourcecode.swift; path = RecipeTableViewCell.swift; sourceTree = "<group>"; };
		0C7BDA791CA90E650056ADCD /* RecipeDetails.swift */ = {isa = PBXFileReference; fileEncoding = 4; lastKnownFileType = sourcecode.swift; path = RecipeDetails.swift; sourceTree = "<group>"; };
		0C7BDA7B1CA931F80056ADCD /* Constants.swift */ = {isa = PBXFileReference; fileEncoding = 4; lastKnownFileType = sourcecode.swift; path = Constants.swift; sourceTree = "<group>"; };
		0C7BDA7D1CA942DF0056ADCD /* Helpers.swift */ = {isa = PBXFileReference; fileEncoding = 4; lastKnownFileType = sourcecode.swift; lineEnding = 0; path = Helpers.swift; sourceTree = "<group>"; xcLanguageSpecificationIdentifier = xcode.lang.swift; };
		0C7BDA821CA95E260056ADCD /* Base */ = {isa = PBXFileReference; lastKnownFileType = text.plist.strings; name = Base; path = Base.lproj/Localizable.strings; sourceTree = "<group>"; };
		0C7BDA841CA969BB0056ADCD /* Extensions.swift */ = {isa = PBXFileReference; fileEncoding = 4; lastKnownFileType = sourcecode.swift; lineEnding = 0; path = Extensions.swift; sourceTree = "<group>"; xcLanguageSpecificationIdentifier = xcode.lang.swift; };
		0CD15FEF1CB1323200C7B828 /* hillelclm-medium-webfont.ttf */ = {isa = PBXFileReference; lastKnownFileType = file; path = "hillelclm-medium-webfont.ttf"; sourceTree = "<group>"; };
		0CD15FF11CB140F000C7B828 /* Alef-bold.ttf */ = {isa = PBXFileReference; lastKnownFileType = file; path = "Alef-bold.ttf"; sourceTree = "<group>"; };
		0CD15FF21CB140F000C7B828 /* Alef-regular.ttf */ = {isa = PBXFileReference; lastKnownFileType = file; path = "Alef-regular.ttf"; sourceTree = "<group>"; };
		0CD15FF51CB14C8500C7B828 /* RecipeSubtitleTableViewCell.swift */ = {isa = PBXFileReference; fileEncoding = 4; lastKnownFileType = sourcecode.swift; path = RecipeSubtitleTableViewCell.swift; sourceTree = "<group>"; };
		81BA81451A49DA1800E65899 /* Recipes.app */ = {isa = PBXFileReference; explicitFileType = wrapper.application; includeInIndex = 0; path = Recipes.app; sourceTree = BUILT_PRODUCTS_DIR; };
		81BA81491A49DA1800E65899 /* Info.plist */ = {isa = PBXFileReference; lastKnownFileType = text.plist.xml; path = Info.plist; sourceTree = "<group>"; };
		81BA814A1A49DA1800E65899 /* AppDelegate.swift */ = {isa = PBXFileReference; lastKnownFileType = sourcecode.swift; path = AppDelegate.swift; sourceTree = "<group>"; };
		81BA814C1A49DA1800E65899 /* ViewController.swift */ = {isa = PBXFileReference; lastKnownFileType = sourcecode.swift; path = ViewController.swift; sourceTree = "<group>"; };
		81BA814F1A49DA1800E65899 /* Base */ = {isa = PBXFileReference; lastKnownFileType = file.storyboard; name = Base; path = Base.lproj/Main.storyboard; sourceTree = "<group>"; };
		81BA81511A49DA1800E65899 /* Images.xcassets */ = {isa = PBXFileReference; lastKnownFileType = folder.assetcatalog; path = Images.xcassets; sourceTree = "<group>"; };
		81BA816B1A49DB6800E65899 /* Bolts.framework */ = {isa = PBXFileReference; lastKnownFileType = wrapper.framework; path = Bolts.framework; sourceTree = "<group>"; };
		81BA816C1A49DB6800E65899 /* Parse.framework */ = {isa = PBXFileReference; lastKnownFileType = wrapper.framework; path = Parse.framework; sourceTree = "<group>"; };
		81BA816D1A49DB6800E65899 /* ParseCrashReporting.framework */ = {isa = PBXFileReference; lastKnownFileType = wrapper.framework; path = ParseCrashReporting.framework; sourceTree = "<group>"; };
		81BA816E1A49DB6800E65899 /* ParseFacebookUtils.framework */ = {isa = PBXFileReference; lastKnownFileType = wrapper.framework; path = ParseFacebookUtils.framework; sourceTree = "<group>"; };
		81BA81761A49E0D500E65899 /* libsqlite3.dylib */ = {isa = PBXFileReference; lastKnownFileType = "compiled.mach-o.dylib"; name = libsqlite3.dylib; path = usr/lib/libsqlite3.dylib; sourceTree = SDKROOT; };
		81BA81781A49E0DB00E65899 /* AudioToolbox.framework */ = {isa = PBXFileReference; lastKnownFileType = wrapper.framework; name = AudioToolbox.framework; path = System/Library/Frameworks/AudioToolbox.framework; sourceTree = SDKROOT; };
		81BA817A1A49E0E500E65899 /* SystemConfiguration.framework */ = {isa = PBXFileReference; lastKnownFileType = wrapper.framework; name = SystemConfiguration.framework; path = System/Library/Frameworks/SystemConfiguration.framework; sourceTree = SDKROOT; };
		81BA817E1A49E0F000E65899 /* libstdc++.6.dylib */ = {isa = PBXFileReference; lastKnownFileType = "compiled.mach-o.dylib"; name = "libstdc++.6.dylib"; path = "usr/lib/libstdc++.6.dylib"; sourceTree = SDKROOT; };
		81BA81801A49E10C00E65899 /* ParseUI.framework */ = {isa = PBXFileReference; lastKnownFileType = wrapper.framework; path = ParseUI.framework; sourceTree = "<group>"; };
		81BA81821A49E27F00E65899 /* ParseStarterProject-Bridging-Header.h */ = {isa = PBXFileReference; fileEncoding = 4; lastKnownFileType = sourcecode.c.h; path = "ParseStarterProject-Bridging-Header.h"; sourceTree = "<group>"; };
/* End PBXFileReference section */

/* Begin PBXFrameworksBuildPhase section */
		81BA81421A49DA1800E65899 /* Frameworks */ = {
			isa = PBXFrameworksBuildPhase;
			buildActionMask = 2147483647;
			files = (
				81BA817F1A49E0F000E65899 /* libstdc++.6.dylib in Frameworks */,
				81BA817B1A49E0E500E65899 /* SystemConfiguration.framework in Frameworks */,
				81BA81791A49E0DB00E65899 /* AudioToolbox.framework in Frameworks */,
				81BA81771A49E0D500E65899 /* libsqlite3.dylib in Frameworks */,
				81BA81711A49DB6800E65899 /* Parse.framework in Frameworks */,
				81BA81721A49DB6800E65899 /* ParseCrashReporting.framework in Frameworks */,
				81BA81731A49DB6800E65899 /* ParseFacebookUtils.framework in Frameworks */,
				81BA81811A49E10C00E65899 /* ParseUI.framework in Frameworks */,
				81BA81701A49DB6800E65899 /* Bolts.framework in Frameworks */,
			);
			runOnlyForDeploymentPostprocessing = 0;
		};
/* End PBXFrameworksBuildPhase section */

/* Begin PBXGroup section */
		0C0CD0BC1CABD09300F682F9 /* Libraries */ = {
			isa = PBXGroup;
			children = (
				0C0CD0C21CABD5E100F682F9 /* FontAwesomeSwift */,
			);
			name = Libraries;
			sourceTree = "<group>";
		};
		0C0CD0C21CABD5E100F682F9 /* FontAwesomeSwift */ = {
			isa = PBXGroup;
			children = (
				0C0CD0C31CABD5FB00F682F9 /* Enum.swift */,
				0C0CD0C41CABD5FB00F682F9 /* FontAwesome.h */,
				0C0CD0C51CABD5FB00F682F9 /* FontAwesome.otf */,
				0C0CD0C61CABD5FB00F682F9 /* FontAwesome.swift */,
			);
			name = FontAwesomeSwift;
			sourceTree = "<group>";
		};
		0C192F0F1CB27FAB00811CB4 /* Fonts */ = {
			isa = PBXGroup;
			children = (
				0CD15FF11CB140F000C7B828 /* Alef-bold.ttf */,
				0CD15FF21CB140F000C7B828 /* Alef-regular.ttf */,
				0CD15FEF1CB1323200C7B828 /* hillelclm-medium-webfont.ttf */,
			);
			name = Fonts;
			sourceTree = "<group>";
		};
		0C192F101CB27FB200811CB4 /* Images */ = {
			isa = PBXGroup;
			children = (
				0C192F111CB27FC500811CB4 /* tableview-bg-568h@2x.png */,
				0C192F121CB27FC500811CB4 /* tableview-bg-667h@2x.png */,
				0C192F131CB27FC500811CB4 /* tableview-bg-736h@3x.png */,
				0C192F141CB27FC500811CB4 /* tableview-bg.png */,
				0C192F151CB27FC500811CB4 /* tableview-bg@2x.png */,
				0C192F161CB27FC500811CB4 /* tableview-bg@3x.png */,
			);
			name = Images;
			sourceTree = "<group>";
		};
		0C7BD9E31CA808A70056ADCD /* Controller */ = {
			isa = PBXGroup;
			children = (
				81BA814C1A49DA1800E65899 /* ViewController.swift */,
				0C7BD9CA1CA7F7120056ADCD /* CategoriesViewController.swift */,
				0C7BD9CC1CA8020E0056ADCD /* FavoritesViewController.swift */,
				0C7BD9CE1CA802780056ADCD /* RecipesViewController.swift */,
				0C0CD0CA1CAD016600F682F9 /* RecipeViewController.swift */,
			);
			name = Controller;
			sourceTree = "<group>";
		};
		0C7BD9E41CA808B10056ADCD /* Model */ = {
			isa = PBXGroup;
			children = (
				0C7BD9E51CA808D00056ADCD /* Recipe.swift */,
			);
			name = Model;
			sourceTree = "<group>";
		};
		0C7BD9E91CA80D990056ADCD /* Parse */ = {
			isa = PBXGroup;
			children = (
				0C7BD9E71CA809AD0056ADCD /* ParseHelper.swift */,
				0C7BD9EA1CA80DAF0056ADCD /* ParseRecipe.swift */,
			);
			name = Parse;
			sourceTree = "<group>";
		};
		0C7BDA761CA90D9C0056ADCD /* Views */ = {
			isa = PBXGroup;
			children = (
				0C192F1F1CB295DB00811CB4 /* RecipeDetailSectionHeaderTableViewCell.swift */,
				0CD15FF51CB14C8500C7B828 /* RecipeSubtitleTableViewCell.swift */,
				0C0CD0D01CAD61CC00F682F9 /* SectionHeaderTableViewCell.swift */,
				0C192F1D1CB28E6400811CB4 /* RecipeImageTableViewCell.swift */,
				0C0CD0D21CAD627000F682F9 /* PrepTimeTableViewCell.swift */,
				0C0CD0CE1CAD618E00F682F9 /* IngredientTableViewCell.swift */,
				0C0CD0CC1CAD614F00F682F9 /* DirectionTableViewCell.swift */,
				0C7BDA791CA90E650056ADCD /* RecipeDetails.swift */,
				0C7BDA771CA90DB70056ADCD /* RecipeTableViewCell.swift */,
			);
			name = Views;
			sourceTree = "<group>";
		};
		0C7BDA861CA969C70056ADCD /* Helpers */ = {
			isa = PBXGroup;
			children = (
				0C7BD9E91CA80D990056ADCD /* Parse */,
				0C7BDA7B1CA931F80056ADCD /* Constants.swift */,
				0C7BDA7D1CA942DF0056ADCD /* Helpers.swift */,
				0C7BDA841CA969BB0056ADCD /* Extensions.swift */,
			);
			name = Helpers;
			sourceTree = "<group>";
		};
		0CD15FEE1CB1320F00C7B828 /* Resources */ = {
			isa = PBXGroup;
			children = (
				0C192F101CB27FB200811CB4 /* Images */,
				0C192F0F1CB27FAB00811CB4 /* Fonts */,
			);
			name = Resources;
			sourceTree = "<group>";
		};
		81BA813C1A49DA1800E65899 = {
			isa = PBXGroup;
			children = (
				81BA81471A49DA1800E65899 /* Recipes */,
				81BA816A1A49DB5600E65899 /* Frameworks */,
				81BA81461A49DA1800E65899 /* Products */,
			);
			sourceTree = "<group>";
		};
		81BA81461A49DA1800E65899 /* Products */ = {
			isa = PBXGroup;
			children = (
				81BA81451A49DA1800E65899 /* Recipes.app */,
			);
			name = Products;
			sourceTree = "<group>";
		};
		81BA81471A49DA1800E65899 /* Recipes */ = {
			isa = PBXGroup;
			children = (
				0C7BDA861CA969C70056ADCD /* Helpers */,
				0C0CD0BC1CABD09300F682F9 /* Libraries */,
				0C7BD9E41CA808B10056ADCD /* Model */,
				0C7BDA761CA90D9C0056ADCD /* Views */,
				0C7BD9E31CA808A70056ADCD /* Controller */,
				81BA814A1A49DA1800E65899 /* AppDelegate.swift */,
				81BA814E1A49DA1800E65899 /* Main.storyboard */,
				81BA81511A49DA1800E65899 /* Images.xcassets */,
				0CD15FEE1CB1320F00C7B828 /* Resources */,
				81BA81481A49DA1800E65899 /* Supporting Files */,
			);
			name = Recipes;
			path = ParseStarterProject;
			sourceTree = "<group>";
		};
		81BA81481A49DA1800E65899 /* Supporting Files */ = {
			isa = PBXGroup;
			children = (
				0C7BDA831CA95E260056ADCD /* Localizable.strings */,
				81BA81491A49DA1800E65899 /* Info.plist */,
				81BA81821A49E27F00E65899 /* ParseStarterProject-Bridging-Header.h */,
			);
			name = "Supporting Files";
			sourceTree = "<group>";
		};
		81BA816A1A49DB5600E65899 /* Frameworks */ = {
			isa = PBXGroup;
			children = (
				81BA816B1A49DB6800E65899 /* Bolts.framework */,
				81BA816C1A49DB6800E65899 /* Parse.framework */,
				81BA816D1A49DB6800E65899 /* ParseCrashReporting.framework */,
				81BA816E1A49DB6800E65899 /* ParseFacebookUtils.framework */,
				81BA81801A49E10C00E65899 /* ParseUI.framework */,
				81BA81751A49E0C500E65899 /* System Frameworks */,
			);
			name = Frameworks;
			sourceTree = "<group>";
		};
		81BA81751A49E0C500E65899 /* System Frameworks */ = {
			isa = PBXGroup;
			children = (
				81BA817E1A49E0F000E65899 /* libstdc++.6.dylib */,
				81BA817A1A49E0E500E65899 /* SystemConfiguration.framework */,
				81BA81781A49E0DB00E65899 /* AudioToolbox.framework */,
				81BA81761A49E0D500E65899 /* libsqlite3.dylib */,
			);
			name = "System Frameworks";
			sourceTree = "<group>";
		};
/* End PBXGroup section */

/* Begin PBXNativeTarget section */
		81BA81441A49DA1800E65899 /* Recipes */ = {
			isa = PBXNativeTarget;
			buildConfigurationList = 81BA81641A49DA1800E65899 /* Build configuration list for PBXNativeTarget "Recipes" */;
			buildPhases = (
				81BA81411A49DA1800E65899 /* Sources */,
				81BA81421A49DA1800E65899 /* Frameworks */,
				81BA81431A49DA1800E65899 /* Resources */,
				81CC85E11A49F6D40076DE19 /* Upload Symbol Files */,
			);
			buildRules = (
			);
			dependencies = (
			);
			name = Recipes;
			productName = ParseStarterProject;
			productReference = 81BA81451A49DA1800E65899 /* Recipes.app */;
			productType = "com.apple.product-type.application";
		};
/* End PBXNativeTarget section */

/* Begin PBXProject section */
		81BA813D1A49DA1800E65899 /* Project object */ = {
			isa = PBXProject;
			attributes = {
				LastSwiftUpdateCheck = 0700;
				LastUpgradeCheck = 0700;
				ORGANIZATIONNAME = Parse;
				TargetAttributes = {
					81BA81441A49DA1800E65899 = {
						CreatedOnToolsVersion = 6.1.1;
					};
				};
			};
			buildConfigurationList = 81BA81401A49DA1800E65899 /* Build configuration list for PBXProject "Recipes" */;
			compatibilityVersion = "Xcode 3.2";
			developmentRegion = English;
			hasScannedForEncodings = 0;
			knownRegions = (
				en,
				Base,
			);
			mainGroup = 81BA813C1A49DA1800E65899;
			productRefGroup = 81BA81461A49DA1800E65899 /* Products */;
			projectDirPath = "";
			projectRoot = "";
			targets = (
				81BA81441A49DA1800E65899 /* Recipes */,
			);
		};
/* End PBXProject section */

/* Begin PBXResourcesBuildPhase section */
		81BA81431A49DA1800E65899 /* Resources */ = {
			isa = PBXResourcesBuildPhase;
			buildActionMask = 2147483647;
			files = (
				81BA81501A49DA1800E65899 /* Main.storyboard in Resources */,
				0C192F1B1CB27FC500811CB4 /* tableview-bg@2x.png in Resources */,
				0C192F1C1CB27FC500811CB4 /* tableview-bg@3x.png in Resources */,
				0C192F181CB27FC500811CB4 /* tableview-bg-667h@2x.png in Resources */,
				0C0CD0C81CABD5FB00F682F9 /* FontAwesome.otf in Resources */,
				0CD15FF41CB140F000C7B828 /* Alef-regular.ttf in Resources */,
				0C7BDA811CA95E260056ADCD /* Localizable.strings in Resources */,
				0CD15FF31CB140F000C7B828 /* Alef-bold.ttf in Resources */,
				0C192F191CB27FC500811CB4 /* tableview-bg-736h@3x.png in Resources */,
				0C192F1A1CB27FC500811CB4 /* tableview-bg.png in Resources */,
				0CD15FF01CB1323200C7B828 /* hillelclm-medium-webfont.ttf in Resources */,
				0C192F171CB27FC500811CB4 /* tableview-bg-568h@2x.png in Resources */,
				81BA81521A49DA1800E65899 /* Images.xcassets in Resources */,
			);
			runOnlyForDeploymentPostprocessing = 0;
		};
/* End PBXResourcesBuildPhase section */

/* Begin PBXShellScriptBuildPhase section */
		81CC85E11A49F6D40076DE19 /* Upload Symbol Files */ = {
			isa = PBXShellScriptBuildPhase;
			buildActionMask = 2147483647;
			files = (
			);
			inputPaths = (
			);
			name = "Upload Symbol Files";
			outputPaths = (
			);
			runOnlyForDeploymentPostprocessing = 0;
			shellPath = /bin/sh;
			shellScript = "# This script will upload symbol files for your application,\n# so all your crash reports are going to be symbolicated\n\n# Important!\n# Before using the script, please initialize CloudCode folder and replace <path_to_cloudcode_folder> with the path to it\n#\n# Read more on Parse.com - https://parse.com/apps/quickstart#analytics/crashreporting/ios/\n############################################################\n\n\n# export PATH=/usr/local/bin:$PATH\n# cd <path_to_cloudcode_folder>\n\n# parse symbols -p \"${DWARF_DSYM_FOLDER_PATH}/${DWARF_DSYM_FILE_NAME}\"\n";
		};
/* End PBXShellScriptBuildPhase section */

/* Begin PBXSourcesBuildPhase section */
		81BA81411A49DA1800E65899 /* Sources */ = {
			isa = PBXSourcesBuildPhase;
			buildActionMask = 2147483647;
			files = (
				81BA814D1A49DA1800E65899 /* ViewController.swift in Sources */,
				0C0CD0D11CAD61CC00F682F9 /* SectionHeaderTableViewCell.swift in Sources */,
				0C7BDA7C1CA931F80056ADCD /* Constants.swift in Sources */,
				81BA814B1A49DA1800E65899 /* AppDelegate.swift in Sources */,
				0C7BD9E81CA809AD0056ADCD /* ParseHelper.swift in Sources */,
				0C0CD0C91CABD5FB00F682F9 /* FontAwesome.swift in Sources */,
				0C7BDA781CA90DB70056ADCD /* RecipeTableViewCell.swift in Sources */,
				0C192F201CB295DB00811CB4 /* RecipeDetailSectionHeaderTableViewCell.swift in Sources */,
				0C0CD0D31CAD627000F682F9 /* PrepTimeTableViewCell.swift in Sources */,
				0C7BD9CD1CA8020E0056ADCD /* FavoritesViewController.swift in Sources */,
				0C7BD9E61CA808D00056ADCD /* Recipe.swift in Sources */,
				0C0CD0CF1CAD618E00F682F9 /* IngredientTableViewCell.swift in Sources */,
				0C7BDA7E1CA942DF0056ADCD /* Helpers.swift in Sources */,
				0C0CD0C71CABD5FB00F682F9 /* Enum.swift in Sources */,
				0C0CD0CD1CAD614F00F682F9 /* DirectionTableViewCell.swift in Sources */,
				0C7BDA851CA969BB0056ADCD /* Extensions.swift in Sources */,
				0CD15FF61CB14C8500C7B828 /* RecipeSubtitleTableViewCell.swift in Sources */,
				0C7BD9CF1CA802780056ADCD /* RecipesViewController.swift in Sources */,
				0C0CD0CB1CAD016600F682F9 /* RecipeViewController.swift in Sources */,
				0C7BD9CB1CA7F7120056ADCD /* CategoriesViewController.swift in Sources */,
				0C7BDA7A1CA90E650056ADCD /* RecipeDetails.swift in Sources */,
				0C7BD9EB1CA80DAF0056ADCD /* ParseRecipe.swift in Sources */,
				0C192F1E1CB28E6400811CB4 /* RecipeImageTableViewCell.swift in Sources */,
			);
			runOnlyForDeploymentPostprocessing = 0;
		};
/* End PBXSourcesBuildPhase section */

/* Begin PBXVariantGroup section */
		0C7BDA831CA95E260056ADCD /* Localizable.strings */ = {
			isa = PBXVariantGroup;
			children = (
				0C7BDA821CA95E260056ADCD /* Base */,
			);
			name = Localizable.strings;
			sourceTree = "<group>";
		};
		81BA814E1A49DA1800E65899 /* Main.storyboard */ = {
			isa = PBXVariantGroup;
			children = (
				81BA814F1A49DA1800E65899 /* Base */,
			);
			name = Main.storyboard;
			sourceTree = "<group>";
		};
/* End PBXVariantGroup section */

/* Begin XCBuildConfiguration section */
		81BA81621A49DA1800E65899 /* Debug */ = {
			isa = XCBuildConfiguration;
			buildSettings = {
				ALWAYS_SEARCH_USER_PATHS = NO;
				CLANG_CXX_LANGUAGE_STANDARD = "gnu++0x";
				CLANG_CXX_LIBRARY = "libc++";
				CLANG_ENABLE_MODULES = YES;
				CLANG_ENABLE_OBJC_ARC = YES;
				CLANG_WARN_BOOL_CONVERSION = YES;
				CLANG_WARN_CONSTANT_CONVERSION = YES;
				CLANG_WARN_DIRECT_OBJC_ISA_USAGE = YES_ERROR;
				CLANG_WARN_EMPTY_BODY = YES;
				CLANG_WARN_ENUM_CONVERSION = YES;
				CLANG_WARN_INT_CONVERSION = YES;
				CLANG_WARN_OBJC_ROOT_CLASS = YES_ERROR;
				CLANG_WARN_UNREACHABLE_CODE = YES;
				CLANG_WARN__DUPLICATE_METHOD_MATCH = YES;
				"CODE_SIGN_IDENTITY[sdk=iphoneos*]" = "iPhone Developer";
				COPY_PHASE_STRIP = NO;
				ENABLE_STRICT_OBJC_MSGSEND = YES;
				ENABLE_TESTABILITY = YES;
				GCC_C_LANGUAGE_STANDARD = gnu99;
				GCC_DYNAMIC_NO_PIC = NO;
				GCC_OPTIMIZATION_LEVEL = 0;
				GCC_PREPROCESSOR_DEFINITIONS = (
					"DEBUG=1",
					"$(inherited)",
				);
				GCC_SYMBOLS_PRIVATE_EXTERN = NO;
				GCC_WARN_64_TO_32_BIT_CONVERSION = YES;
				GCC_WARN_ABOUT_RETURN_TYPE = YES_ERROR;
				GCC_WARN_UNDECLARED_SELECTOR = YES;
				GCC_WARN_UNINITIALIZED_AUTOS = YES_AGGRESSIVE;
				GCC_WARN_UNUSED_FUNCTION = YES;
				GCC_WARN_UNUSED_VARIABLE = YES;
				IPHONEOS_DEPLOYMENT_TARGET = 8.0;
				MTL_ENABLE_DEBUG_INFO = YES;
				ONLY_ACTIVE_ARCH = YES;
				SDKROOT = iphoneos;
				SWIFT_OPTIMIZATION_LEVEL = "-Onone";
				TARGETED_DEVICE_FAMILY = "1,2";
			};
			name = Debug;
		};
		81BA81631A49DA1800E65899 /* Release */ = {
			isa = XCBuildConfiguration;
			buildSettings = {
				ALWAYS_SEARCH_USER_PATHS = NO;
				CLANG_CXX_LANGUAGE_STANDARD = "gnu++0x";
				CLANG_CXX_LIBRARY = "libc++";
				CLANG_ENABLE_MODULES = YES;
				CLANG_ENABLE_OBJC_ARC = YES;
				CLANG_WARN_BOOL_CONVERSION = YES;
				CLANG_WARN_CONSTANT_CONVERSION = YES;
				CLANG_WARN_DIRECT_OBJC_ISA_USAGE = YES_ERROR;
				CLANG_WARN_EMPTY_BODY = YES;
				CLANG_WARN_ENUM_CONVERSION = YES;
				CLANG_WARN_INT_CONVERSION = YES;
				CLANG_WARN_OBJC_ROOT_CLASS = YES_ERROR;
				CLANG_WARN_UNREACHABLE_CODE = YES;
				CLANG_WARN__DUPLICATE_METHOD_MATCH = YES;
				"CODE_SIGN_IDENTITY[sdk=iphoneos*]" = "iPhone Developer";
				COPY_PHASE_STRIP = YES;
				ENABLE_NS_ASSERTIONS = NO;
				ENABLE_STRICT_OBJC_MSGSEND = YES;
				GCC_C_LANGUAGE_STANDARD = gnu99;
				GCC_WARN_64_TO_32_BIT_CONVERSION = YES;
				GCC_WARN_ABOUT_RETURN_TYPE = YES_ERROR;
				GCC_WARN_UNDECLARED_SELECTOR = YES;
				GCC_WARN_UNINITIALIZED_AUTOS = YES_AGGRESSIVE;
				GCC_WARN_UNUSED_FUNCTION = YES;
				GCC_WARN_UNUSED_VARIABLE = YES;
				IPHONEOS_DEPLOYMENT_TARGET = 8.0;
				MTL_ENABLE_DEBUG_INFO = NO;
				SDKROOT = iphoneos;
				TARGETED_DEVICE_FAMILY = "1,2";
				VALIDATE_PRODUCT = YES;
			};
			name = Release;
		};
		81BA81651A49DA1800E65899 /* Debug */ = {
			isa = XCBuildConfiguration;
			buildSettings = {
				ASSETCATALOG_COMPILER_APPICON_NAME = AppIcon;
				FRAMEWORK_SEARCH_PATHS = (
					"$(inherited)",
					"$(PROJECT_DIR)",
				);
				INFOPLIST_FILE = ParseStarterProject/Info.plist;
				LD_RUNPATH_SEARCH_PATHS = "$(inherited) @executable_path/Frameworks";
				PRODUCT_BUNDLE_IDENTIFIER = com.parse.appdem;
				PRODUCT_NAME = Recipes;
				SWIFT_OBJC_BRIDGING_HEADER = "ParseStarterProject/ParseStarterProject-Bridging-Header.h";
			};
			name = Debug;
		};
		81BA81661A49DA1800E65899 /* Release */ = {
			isa = XCBuildConfiguration;
			buildSettings = {
				ASSETCATALOG_COMPILER_APPICON_NAME = AppIcon;
				FRAMEWORK_SEARCH_PATHS = (
					"$(inherited)",
					"$(PROJECT_DIR)",
				);
				INFOPLIST_FILE = ParseStarterProject/Info.plist;
				LD_RUNPATH_SEARCH_PATHS = "$(inherited) @executable_path/Frameworks";
				PRODUCT_BUNDLE_IDENTIFIER = com.parse.appdem;
				PRODUCT_NAME = Recipes;
				SWIFT_OBJC_BRIDGING_HEADER = "ParseStarterProject/ParseStarterProject-Bridging-Header.h";
			};
			name = Release;
		};
/* End XCBuildConfiguration section */

/* Begin XCConfigurationList section */
		81BA81401A49DA1800E65899 /* Build configuration list for PBXProject "Recipes" */ = {
			isa = XCConfigurationList;
			buildConfigurations = (
				81BA81621A49DA1800E65899 /* Debug */,
				81BA81631A49DA1800E65899 /* Release */,
			);
			defaultConfigurationIsVisible = 0;
			defaultConfigurationName = Release;
		};
		81BA81641A49DA1800E65899 /* Build configuration list for PBXNativeTarget "Recipes" */ = {
			isa = XCConfigurationList;
			buildConfigurations = (
				81BA81651A49DA1800E65899 /* Debug */,
				81BA81661A49DA1800E65899 /* Release */,
			);
			defaultConfigurationIsVisible = 0;
			defaultConfigurationName = Release;
		};
/* End XCConfigurationList section */
	};
	rootObject = 81BA813D1A49DA1800E65899 /* Project object */;
}
