// !$*UTF8*$!
{
	archiveVersion = 1;
	classes = {
	};
	objectVersion = 46;
	objects = {

/* Begin PBXBuildFile section */
		0C0535DB1CE24AB7009B00D5 /* SelectCategoriesTableViewController.swift in Sources */ = {isa = PBXBuildFile; fileRef = 0C0535DA1CE24AB7009B00D5 /* SelectCategoriesTableViewController.swift */; };
		0C070DAD1CD0E29C0060CC8C /* TotalTimeTableViewCell.swift in Sources */ = {isa = PBXBuildFile; fileRef = 0C070DAC1CD0E29C0060CC8C /* TotalTimeTableViewCell.swift */; };
		0C070DAF1CD10CFD0060CC8C /* AddIngredientTableViewCell.swift in Sources */ = {isa = PBXBuildFile; fileRef = 0C070DAE1CD10CFD0060CC8C /* AddIngredientTableViewCell.swift */; };
		0C070DB11CD10EF90060CC8C /* AddRecipeButtonsTableViewCell.swift in Sources */ = {isa = PBXBuildFile; fileRef = 0C070DB01CD10EF90060CC8C /* AddRecipeButtonsTableViewCell.swift */; };
		0C070DB31CD11ED80060CC8C /* AddIngredientSectionTableViewCell.swift in Sources */ = {isa = PBXBuildFile; fileRef = 0C070DB21CD11ED80060CC8C /* AddIngredientSectionTableViewCell.swift */; };
		0C0BF0B61CF39AF0001ED414 /* ODUIKitExtensions.swift in Sources */ = {isa = PBXBuildFile; fileRef = 0C0BF0B51CF39AF0001ED414 /* ODUIKitExtensions.swift */; };
		0C0BF0DF1CF48883001ED414 /* SVProgressHUDHelper.swift in Sources */ = {isa = PBXBuildFile; fileRef = 0C0BF0DE1CF48883001ED414 /* SVProgressHUDHelper.swift */; };
		0C0CD0C71CABD5FB00F682F9 /* Enum.swift in Sources */ = {isa = PBXBuildFile; fileRef = 0C0CD0C31CABD5FB00F682F9 /* Enum.swift */; };
		0C0CD0C81CABD5FB00F682F9 /* FontAwesome.otf in Resources */ = {isa = PBXBuildFile; fileRef = 0C0CD0C51CABD5FB00F682F9 /* FontAwesome.otf */; };
		0C0CD0C91CABD5FB00F682F9 /* FontAwesome.swift in Sources */ = {isa = PBXBuildFile; fileRef = 0C0CD0C61CABD5FB00F682F9 /* FontAwesome.swift */; };
		0C0CD0CB1CAD016600F682F9 /* RecipeViewController.swift in Sources */ = {isa = PBXBuildFile; fileRef = 0C0CD0CA1CAD016600F682F9 /* RecipeViewController.swift */; };
		0C0CD0CD1CAD614F00F682F9 /* DirectionTableViewCell.swift in Sources */ = {isa = PBXBuildFile; fileRef = 0C0CD0CC1CAD614F00F682F9 /* DirectionTableViewCell.swift */; };
		0C0CD0CF1CAD618E00F682F9 /* IngredientTableViewCell.swift in Sources */ = {isa = PBXBuildFile; fileRef = 0C0CD0CE1CAD618E00F682F9 /* IngredientTableViewCell.swift */; };
		0C0CD0D11CAD61CC00F682F9 /* SectionHeaderTableViewCell.swift in Sources */ = {isa = PBXBuildFile; fileRef = 0C0CD0D01CAD61CC00F682F9 /* SectionHeaderTableViewCell.swift */; };
		0C0CD0D31CAD627000F682F9 /* PrepTimeTableViewCell.swift in Sources */ = {isa = PBXBuildFile; fileRef = 0C0CD0D21CAD627000F682F9 /* PrepTimeTableViewCell.swift */; };
		0C151EA11CC7978E00631614 /* ParseUser.swift in Sources */ = {isa = PBXBuildFile; fileRef = 0C151EA01CC7978E00631614 /* ParseUser.swift */; };
		0C151EA71CC7CA7F00631614 /* AddRecipeViewController.swift in Sources */ = {isa = PBXBuildFile; fileRef = 0C151EA61CC7CA7F00631614 /* AddRecipeViewController.swift */; };
		0C151EAA1CC7CE7D00631614 /* SectionHeaderTitleTableViewCell.swift in Sources */ = {isa = PBXBuildFile; fileRef = 0C151EA91CC7CE7D00631614 /* SectionHeaderTitleTableViewCell.swift */; };
		0C151EAC1CC8AB2900631614 /* ImageAddTableViewCell.swift in Sources */ = {isa = PBXBuildFile; fileRef = 0C151EAB1CC8AB2900631614 /* ImageAddTableViewCell.swift */; };
		0C151EB01CC8BEA900631614 /* AddRecipeSectionHeaderTableViewCell.swift in Sources */ = {isa = PBXBuildFile; fileRef = 0C151EAF1CC8BEA900631614 /* AddRecipeSectionHeaderTableViewCell.swift */; };
		0C151EB21CC8CA6100631614 /* GeneralInfoTableViewCell.swift in Sources */ = {isa = PBXBuildFile; fileRef = 0C151EB11CC8CA6100631614 /* GeneralInfoTableViewCell.swift */; };
		0C192F171CB27FC500811CB4 /* tableview-bg-568h@2x.png in Resources */ = {isa = PBXBuildFile; fileRef = 0C192F111CB27FC500811CB4 /* tableview-bg-568h@2x.png */; };
		0C192F191CB27FC500811CB4 /* tableview-bg-736h@3x.png in Resources */ = {isa = PBXBuildFile; fileRef = 0C192F131CB27FC500811CB4 /* tableview-bg-736h@3x.png */; };
		0C192F1A1CB27FC500811CB4 /* tableview-bg.png in Resources */ = {isa = PBXBuildFile; fileRef = 0C192F141CB27FC500811CB4 /* tableview-bg.png */; };
		0C192F1B1CB27FC500811CB4 /* tableview-bg@2x.png in Resources */ = {isa = PBXBuildFile; fileRef = 0C192F151CB27FC500811CB4 /* tableview-bg@2x.png */; };
		0C192F1C1CB27FC500811CB4 /* tableview-bg@3x.png in Resources */ = {isa = PBXBuildFile; fileRef = 0C192F161CB27FC500811CB4 /* tableview-bg@3x.png */; };
		0C192F1E1CB28E6400811CB4 /* RecipeImageTableViewCell.swift in Sources */ = {isa = PBXBuildFile; fileRef = 0C192F1D1CB28E6400811CB4 /* RecipeImageTableViewCell.swift */; };
		0C192F201CB295DB00811CB4 /* RecipeDetailSectionHeaderTableViewCell.swift in Sources */ = {isa = PBXBuildFile; fileRef = 0C192F1F1CB295DB00811CB4 /* RecipeDetailSectionHeaderTableViewCell.swift */; };
		0C192F221CB38C4B00811CB4 /* Category.swift in Sources */ = {isa = PBXBuildFile; fileRef = 0C192F211CB38C4B00811CB4 /* Category.swift */; };
		0C192F241CB38D4B00811CB4 /* ParseCategory.swift in Sources */ = {isa = PBXBuildFile; fileRef = 0C192F231CB38D4B00811CB4 /* ParseCategory.swift */; };
		0C192F271CB392BD00811CB4 /* CategoryTableViewCell.swift in Sources */ = {isa = PBXBuildFile; fileRef = 0C192F261CB392BD00811CB4 /* CategoryTableViewCell.swift */; };
		0C192F2B1CB39C8500811CB4 /* placeholder-w-text.png in Resources */ = {isa = PBXBuildFile; fileRef = 0C192F2A1CB39C8500811CB4 /* placeholder-w-text.png */; };
		0C192F2D1CB39CC000811CB4 /* placeholder.jpg in Resources */ = {isa = PBXBuildFile; fileRef = 0C192F2C1CB39CC000811CB4 /* placeholder.jpg */; };
		0C1C31AD1CE9FC1200D9D934 /* tableview-bg-667h@2x.png in Resources */ = {isa = PBXBuildFile; fileRef = 0C1C31AC1CE9FC1200D9D934 /* tableview-bg-667h@2x.png */; };
		0C1C31B01CECECC200D9D934 /* NoActionsTextField.swift in Sources */ = {isa = PBXBuildFile; fileRef = 0C1C31AF1CECECC200D9D934 /* NoActionsTextField.swift */; };
		0C1F4C891CBE6E72002B0631 /* RecipesParentViewController.swift in Sources */ = {isa = PBXBuildFile; fileRef = 0C1F4C881CBE6E72002B0631 /* RecipesParentViewController.swift */; };
		0C407EBF1CDE50AD00C95F8E /* ParseFile.swift in Sources */ = {isa = PBXBuildFile; fileRef = 0C407EBE1CDE50AD00C95F8E /* ParseFile.swift */; };
		0C47CF701CC3FA6600F26623 /* AboutViewController.swift in Sources */ = {isa = PBXBuildFile; fileRef = 0C47CF6F1CC3FA6600F26623 /* AboutViewController.swift */; };
		0C47CF741CC49EB100F26623 /* Yochi.jpg in Resources */ = {isa = PBXBuildFile; fileRef = 0C47CF731CC49EB100F26623 /* Yochi.jpg */; };
		0C47CF761CC62DC900F26623 /* UIKitExtensions.swift in Sources */ = {isa = PBXBuildFile; fileRef = 0C47CF751CC62DC900F26623 /* UIKitExtensions.swift */; };
		0C47CF7C1CC667A500F26623 /* LoginViewController.swift in Sources */ = {isa = PBXBuildFile; fileRef = 0C47CF7B1CC667A500F26623 /* LoginViewController.swift */; };
		0C47CF8A1CC66E1000F26623 /* AkiraTextField.swift in Sources */ = {isa = PBXBuildFile; fileRef = 0C47CF7E1CC66E1000F26623 /* AkiraTextField.swift */; };
		0C47CF8B1CC66E1000F26623 /* HoshiTextField.swift in Sources */ = {isa = PBXBuildFile; fileRef = 0C47CF7F1CC66E1000F26623 /* HoshiTextField.swift */; };
		0C47CF8C1CC66E1000F26623 /* Info.plist in Resources */ = {isa = PBXBuildFile; fileRef = 0C47CF801CC66E1000F26623 /* Info.plist */; };
		0C47CF8D1CC66E1000F26623 /* IsaoTextField.swift in Sources */ = {isa = PBXBuildFile; fileRef = 0C47CF811CC66E1000F26623 /* IsaoTextField.swift */; };
		0C47CF8E1CC66E1000F26623 /* JiroTextField.swift in Sources */ = {isa = PBXBuildFile; fileRef = 0C47CF821CC66E1000F26623 /* JiroTextField.swift */; };
		0C47CF8F1CC66E1000F26623 /* KaedeTextField.swift in Sources */ = {isa = PBXBuildFile; fileRef = 0C47CF831CC66E1000F26623 /* KaedeTextField.swift */; };
		0C47CF901CC66E1000F26623 /* MadokaTextField.swift in Sources */ = {isa = PBXBuildFile; fileRef = 0C47CF841CC66E1000F26623 /* MadokaTextField.swift */; };
		0C47CF911CC66E1000F26623 /* MinoruTextField.swift in Sources */ = {isa = PBXBuildFile; fileRef = 0C47CF851CC66E1000F26623 /* MinoruTextField.swift */; };
		0C47CF921CC66E1000F26623 /* TextFieldsEffects.swift in Sources */ = {isa = PBXBuildFile; fileRef = 0C47CF871CC66E1000F26623 /* TextFieldsEffects.swift */; };
		0C47CF931CC66E1000F26623 /* YokoTextField.swift in Sources */ = {isa = PBXBuildFile; fileRef = 0C47CF881CC66E1000F26623 /* YokoTextField.swift */; };
		0C47CF941CC66E1000F26623 /* YoshikoTextField.swift in Sources */ = {isa = PBXBuildFile; fileRef = 0C47CF891CC66E1000F26623 /* YoshikoTextField.swift */; };
		0C73995E1CE62CB90083CA34 /* DGElasticPullToRefreshConstants.swift in Sources */ = {isa = PBXBuildFile; fileRef = 0C7399591CE62CB90083CA34 /* DGElasticPullToRefreshConstants.swift */; };
		0C73995F1CE62CB90083CA34 /* DGElasticPullToRefreshExtensions.swift in Sources */ = {isa = PBXBuildFile; fileRef = 0C73995A1CE62CB90083CA34 /* DGElasticPullToRefreshExtensions.swift */; };
		0C7399601CE62CB90083CA34 /* DGElasticPullToRefreshLoadingView.swift in Sources */ = {isa = PBXBuildFile; fileRef = 0C73995B1CE62CB90083CA34 /* DGElasticPullToRefreshLoadingView.swift */; };
		0C7399611CE62CB90083CA34 /* DGElasticPullToRefreshLoadingViewCircle.swift in Sources */ = {isa = PBXBuildFile; fileRef = 0C73995C1CE62CB90083CA34 /* DGElasticPullToRefreshLoadingViewCircle.swift */; };
		0C7399621CE62CB90083CA34 /* DGElasticPullToRefreshView.swift in Sources */ = {isa = PBXBuildFile; fileRef = 0C73995D1CE62CB90083CA34 /* DGElasticPullToRefreshView.swift */; };
		0C7BD9CB1CA7F7120056ADCD /* CategoriesViewController.swift in Sources */ = {isa = PBXBuildFile; fileRef = 0C7BD9CA1CA7F7120056ADCD /* CategoriesViewController.swift */; };
		0C7BD9CD1CA8020E0056ADCD /* FavoritesViewController.swift in Sources */ = {isa = PBXBuildFile; fileRef = 0C7BD9CC1CA8020E0056ADCD /* FavoritesViewController.swift */; };
		0C7BD9CF1CA802780056ADCD /* RecipesViewController.swift in Sources */ = {isa = PBXBuildFile; fileRef = 0C7BD9CE1CA802780056ADCD /* RecipesViewController.swift */; };
		0C7BD9E61CA808D00056ADCD /* Recipe.swift in Sources */ = {isa = PBXBuildFile; fileRef = 0C7BD9E51CA808D00056ADCD /* Recipe.swift */; };
		0C7BD9E81CA809AD0056ADCD /* ParseHelper.swift in Sources */ = {isa = PBXBuildFile; fileRef = 0C7BD9E71CA809AD0056ADCD /* ParseHelper.swift */; };
		0C7BD9EB1CA80DAF0056ADCD /* ParseRecipe.swift in Sources */ = {isa = PBXBuildFile; fileRef = 0C7BD9EA1CA80DAF0056ADCD /* ParseRecipe.swift */; };
		0C7BDA781CA90DB70056ADCD /* RecipeTableViewCell.swift in Sources */ = {isa = PBXBuildFile; fileRef = 0C7BDA771CA90DB70056ADCD /* RecipeTableViewCell.swift */; };
		0C7BDA7A1CA90E650056ADCD /* RecipeDetails.swift in Sources */ = {isa = PBXBuildFile; fileRef = 0C7BDA791CA90E650056ADCD /* RecipeDetails.swift */; };
		0C7BDA7C1CA931F80056ADCD /* Constants.swift in Sources */ = {isa = PBXBuildFile; fileRef = 0C7BDA7B1CA931F80056ADCD /* Constants.swift */; };
		0C7BDA7E1CA942DF0056ADCD /* Helpers.swift in Sources */ = {isa = PBXBuildFile; fileRef = 0C7BDA7D1CA942DF0056ADCD /* Helpers.swift */; };
		0C7BDA811CA95E260056ADCD /* Localizable.strings in Resources */ = {isa = PBXBuildFile; fileRef = 0C7BDA831CA95E260056ADCD /* Localizable.strings */; };
		0C7BDA851CA969BB0056ADCD /* FoundationExtensions.swift in Sources */ = {isa = PBXBuildFile; fileRef = 0C7BDA841CA969BB0056ADCD /* FoundationExtensions.swift */; };
		0C999F5C1CB4D80400E3844D /* KingfisherHelper.swift in Sources */ = {isa = PBXBuildFile; fileRef = 0C999F5B1CB4D80400E3844D /* KingfisherHelper.swift */; };
		0C999F5E1CB5028C00E3844D /* FavoriteRecipeTableViewCell.swift in Sources */ = {isa = PBXBuildFile; fileRef = 0C999F5D1CB5028C00E3844D /* FavoriteRecipeTableViewCell.swift */; };
		0C9B154E1CD5CCD6009412AE /* AddDirectionTableViewCell.swift in Sources */ = {isa = PBXBuildFile; fileRef = 0C9B154D1CD5CCD6009412AE /* AddDirectionTableViewCell.swift */; };
		0C9B15501CD5CD45009412AE /* AddDirectionSectionTableViewCell.swift in Sources */ = {isa = PBXBuildFile; fileRef = 0C9B154F1CD5CD45009412AE /* AddDirectionSectionTableViewCell.swift */; };
		0CA4A2E11CEEFE59000FC8CD /* placeholder-w-add.png in Resources */ = {isa = PBXBuildFile; fileRef = 0CA4A2E01CEEFE59000FC8CD /* placeholder-w-add.png */; };
		0CA7C1381CBAA2FB00BEDD65 /* ActivityIndicator.swift in Sources */ = {isa = PBXBuildFile; fileRef = 0CA7C1371CBAA2FB00BEDD65 /* ActivityIndicator.swift */; };
		0CA7C13C1CBB869A00BEDD65 /* placeholder-bg.png in Resources */ = {isa = PBXBuildFile; fileRef = 0CA7C13B1CBB869A00BEDD65 /* placeholder-bg.png */; };
		0CCC381F1CBBB2BF0055384F /* Reachability.swift in Sources */ = {isa = PBXBuildFile; fileRef = 0CCC381E1CBBB2BF0055384F /* Reachability.swift */; };
		0CCC38241CBBBCB60055384F /* SwiftPrompts.swift in Sources */ = {isa = PBXBuildFile; fileRef = 0CCC38211CBBBCB60055384F /* SwiftPrompts.swift */; };
		0CCC38251CBBBCB60055384F /* SwiftPromptsView.swift in Sources */ = {isa = PBXBuildFile; fileRef = 0CCC38221CBBBCB60055384F /* SwiftPromptsView.swift */; };
		0CCC38261CBBBCB60055384F /* UIImageEffects.swift in Sources */ = {isa = PBXBuildFile; fileRef = 0CCC38231CBBBCB60055384F /* UIImageEffects.swift */; };
		0CCC382C1CBBE20D0055384F /* SwiftPromptHelper.swift in Sources */ = {isa = PBXBuildFile; fileRef = 0CCC382B1CBBE20D0055384F /* SwiftPromptHelper.swift */; };
		0CD15FF01CB1323200C7B828 /* hillelclm-medium-webfont.ttf in Resources */ = {isa = PBXBuildFile; fileRef = 0CD15FEF1CB1323200C7B828 /* hillelclm-medium-webfont.ttf */; };
		0CD15FF31CB140F000C7B828 /* Alef-bold.ttf in Resources */ = {isa = PBXBuildFile; fileRef = 0CD15FF11CB140F000C7B828 /* Alef-bold.ttf */; };
		0CD15FF41CB140F000C7B828 /* Alef-regular.ttf in Resources */ = {isa = PBXBuildFile; fileRef = 0CD15FF21CB140F000C7B828 /* Alef-regular.ttf */; };
		0CD15FF61CB14C8500C7B828 /* RecipeSubtitleTableViewCell.swift in Sources */ = {isa = PBXBuildFile; fileRef = 0CD15FF51CB14C8500C7B828 /* RecipeSubtitleTableViewCell.swift */; };
		81BA814B1A49DA1800E65899 /* AppDelegate.swift in Sources */ = {isa = PBXBuildFile; fileRef = 81BA814A1A49DA1800E65899 /* AppDelegate.swift */; };
		81BA814D1A49DA1800E65899 /* ViewController.swift in Sources */ = {isa = PBXBuildFile; fileRef = 81BA814C1A49DA1800E65899 /* ViewController.swift */; };
		81BA81501A49DA1800E65899 /* Main.storyboard in Resources */ = {isa = PBXBuildFile; fileRef = 81BA814E1A49DA1800E65899 /* Main.storyboard */; };
		81BA81521A49DA1800E65899 /* Images.xcassets in Resources */ = {isa = PBXBuildFile; fileRef = 81BA81511A49DA1800E65899 /* Images.xcassets */; };
		81BA81701A49DB6800E65899 /* Bolts.framework in Frameworks */ = {isa = PBXBuildFile; fileRef = 81BA816B1A49DB6800E65899 /* Bolts.framework */; };
		81BA81711A49DB6800E65899 /* Parse.framework in Frameworks */ = {isa = PBXBuildFile; fileRef = 81BA816C1A49DB6800E65899 /* Parse.framework */; };
		81BA81721A49DB6800E65899 /* ParseCrashReporting.framework in Frameworks */ = {isa = PBXBuildFile; fileRef = 81BA816D1A49DB6800E65899 /* ParseCrashReporting.framework */; };
		81BA81731A49DB6800E65899 /* ParseFacebookUtils.framework in Frameworks */ = {isa = PBXBuildFile; fileRef = 81BA816E1A49DB6800E65899 /* ParseFacebookUtils.framework */; };
		81BA81771A49E0D500E65899 /* libsqlite3.dylib in Frameworks */ = {isa = PBXBuildFile; fileRef = 81BA81761A49E0D500E65899 /* libsqlite3.dylib */; };
		81BA81791A49E0DB00E65899 /* AudioToolbox.framework in Frameworks */ = {isa = PBXBuildFile; fileRef = 81BA81781A49E0DB00E65899 /* AudioToolbox.framework */; };
		81BA817B1A49E0E500E65899 /* SystemConfiguration.framework in Frameworks */ = {isa = PBXBuildFile; fileRef = 81BA817A1A49E0E500E65899 /* SystemConfiguration.framework */; };
		81BA817F1A49E0F000E65899 /* libstdc++.6.dylib in Frameworks */ = {isa = PBXBuildFile; fileRef = 81BA817E1A49E0F000E65899 /* libstdc++.6.dylib */; };
		81BA81811A49E10C00E65899 /* ParseUI.framework in Frameworks */ = {isa = PBXBuildFile; fileRef = 81BA81801A49E10C00E65899 /* ParseUI.framework */; };
		C2E225A389DBE39B1B800B4E /* Pods_Recipes.framework in Frameworks */ = {isa = PBXBuildFile; fileRef = 568AC2BB5A1C2324521B8980 /* Pods_Recipes.framework */; };
/* End PBXBuildFile section */

/* Begin PBXFileReference section */
		0C0535DA1CE24AB7009B00D5 /* SelectCategoriesTableViewController.swift */ = {isa = PBXFileReference; fileEncoding = 4; lastKnownFileType = sourcecode.swift; lineEnding = 0; path = SelectCategoriesTableViewController.swift; sourceTree = "<group>"; xcLanguageSpecificationIdentifier = xcode.lang.swift; };
		0C070DAC1CD0E29C0060CC8C /* TotalTimeTableViewCell.swift */ = {isa = PBXFileReference; fileEncoding = 4; lastKnownFileType = sourcecode.swift; lineEnding = 0; path = TotalTimeTableViewCell.swift; sourceTree = "<group>"; xcLanguageSpecificationIdentifier = xcode.lang.swift; };
		0C070DAE1CD10CFD0060CC8C /* AddIngredientTableViewCell.swift */ = {isa = PBXFileReference; fileEncoding = 4; lastKnownFileType = sourcecode.swift; lineEnding = 0; path = AddIngredientTableViewCell.swift; sourceTree = "<group>"; xcLanguageSpecificationIdentifier = xcode.lang.swift; };
		0C070DB01CD10EF90060CC8C /* AddRecipeButtonsTableViewCell.swift */ = {isa = PBXFileReference; fileEncoding = 4; lastKnownFileType = sourcecode.swift; path = AddRecipeButtonsTableViewCell.swift; sourceTree = "<group>"; };
		0C070DB21CD11ED80060CC8C /* AddIngredientSectionTableViewCell.swift */ = {isa = PBXFileReference; fileEncoding = 4; lastKnownFileType = sourcecode.swift; path = AddIngredientSectionTableViewCell.swift; sourceTree = "<group>"; };
		0C0BF0B51CF39AF0001ED414 /* ODUIKitExtensions.swift */ = {isa = PBXFileReference; fileEncoding = 4; lastKnownFileType = sourcecode.swift; lineEnding = 0; path = ODUIKitExtensions.swift; sourceTree = "<group>"; xcLanguageSpecificationIdentifier = xcode.lang.swift; };
		0C0BF0DE1CF48883001ED414 /* SVProgressHUDHelper.swift */ = {isa = PBXFileReference; fileEncoding = 4; lastKnownFileType = sourcecode.swift; path = SVProgressHUDHelper.swift; sourceTree = "<group>"; };
		0C0CD0C31CABD5FB00F682F9 /* Enum.swift */ = {isa = PBXFileReference; fileEncoding = 4; lastKnownFileType = sourcecode.swift; path = Enum.swift; sourceTree = "<group>"; };
		0C0CD0C41CABD5FB00F682F9 /* FontAwesome.h */ = {isa = PBXFileReference; fileEncoding = 4; lastKnownFileType = sourcecode.c.h; path = FontAwesome.h; sourceTree = "<group>"; };
		0C0CD0C51CABD5FB00F682F9 /* FontAwesome.otf */ = {isa = PBXFileReference; lastKnownFileType = file; path = FontAwesome.otf; sourceTree = "<group>"; };
		0C0CD0C61CABD5FB00F682F9 /* FontAwesome.swift */ = {isa = PBXFileReference; fileEncoding = 4; lastKnownFileType = sourcecode.swift; path = FontAwesome.swift; sourceTree = "<group>"; };
		0C0CD0CA1CAD016600F682F9 /* RecipeViewController.swift */ = {isa = PBXFileReference; fileEncoding = 4; lastKnownFileType = sourcecode.swift; path = RecipeViewController.swift; sourceTree = "<group>"; };
		0C0CD0CC1CAD614F00F682F9 /* DirectionTableViewCell.swift */ = {isa = PBXFileReference; fileEncoding = 4; lastKnownFileType = sourcecode.swift; path = DirectionTableViewCell.swift; sourceTree = "<group>"; };
		0C0CD0CE1CAD618E00F682F9 /* IngredientTableViewCell.swift */ = {isa = PBXFileReference; fileEncoding = 4; lastKnownFileType = sourcecode.swift; path = IngredientTableViewCell.swift; sourceTree = "<group>"; };
		0C0CD0D01CAD61CC00F682F9 /* SectionHeaderTableViewCell.swift */ = {isa = PBXFileReference; fileEncoding = 4; lastKnownFileType = sourcecode.swift; path = SectionHeaderTableViewCell.swift; sourceTree = "<group>"; };
		0C0CD0D21CAD627000F682F9 /* PrepTimeTableViewCell.swift */ = {isa = PBXFileReference; fileEncoding = 4; lastKnownFileType = sourcecode.swift; path = PrepTimeTableViewCell.swift; sourceTree = "<group>"; };
		0C151EA01CC7978E00631614 /* ParseUser.swift */ = {isa = PBXFileReference; fileEncoding = 4; lastKnownFileType = sourcecode.swift; path = ParseUser.swift; sourceTree = "<group>"; };
		0C151EA61CC7CA7F00631614 /* AddRecipeViewController.swift */ = {isa = PBXFileReference; fileEncoding = 4; lastKnownFileType = sourcecode.swift; lineEnding = 0; path = AddRecipeViewController.swift; sourceTree = "<group>"; xcLanguageSpecificationIdentifier = xcode.lang.swift; };
		0C151EA91CC7CE7D00631614 /* SectionHeaderTitleTableViewCell.swift */ = {isa = PBXFileReference; fileEncoding = 4; lastKnownFileType = sourcecode.swift; path = SectionHeaderTitleTableViewCell.swift; sourceTree = "<group>"; };
		0C151EAB1CC8AB2900631614 /* ImageAddTableViewCell.swift */ = {isa = PBXFileReference; fileEncoding = 4; lastKnownFileType = sourcecode.swift; path = ImageAddTableViewCell.swift; sourceTree = "<group>"; };
		0C151EAF1CC8BEA900631614 /* AddRecipeSectionHeaderTableViewCell.swift */ = {isa = PBXFileReference; fileEncoding = 4; lastKnownFileType = sourcecode.swift; path = AddRecipeSectionHeaderTableViewCell.swift; sourceTree = "<group>"; };
		0C151EB11CC8CA6100631614 /* GeneralInfoTableViewCell.swift */ = {isa = PBXFileReference; fileEncoding = 4; lastKnownFileType = sourcecode.swift; lineEnding = 0; path = GeneralInfoTableViewCell.swift; sourceTree = "<group>"; xcLanguageSpecificationIdentifier = xcode.lang.swift; };
		0C192F111CB27FC500811CB4 /* tableview-bg-568h@2x.png */ = {isa = PBXFileReference; lastKnownFileType = image.png; path = "tableview-bg-568h@2x.png"; sourceTree = "<group>"; };
		0C192F131CB27FC500811CB4 /* tableview-bg-736h@3x.png */ = {isa = PBXFileReference; lastKnownFileType = image.png; path = "tableview-bg-736h@3x.png"; sourceTree = "<group>"; };
		0C192F141CB27FC500811CB4 /* tableview-bg.png */ = {isa = PBXFileReference; lastKnownFileType = image.png; path = "tableview-bg.png"; sourceTree = "<group>"; };
		0C192F151CB27FC500811CB4 /* tableview-bg@2x.png */ = {isa = PBXFileReference; lastKnownFileType = image.png; path = "tableview-bg@2x.png"; sourceTree = "<group>"; };
		0C192F161CB27FC500811CB4 /* tableview-bg@3x.png */ = {isa = PBXFileReference; lastKnownFileType = image.png; path = "tableview-bg@3x.png"; sourceTree = "<group>"; };
		0C192F1D1CB28E6400811CB4 /* RecipeImageTableViewCell.swift */ = {isa = PBXFileReference; fileEncoding = 4; lastKnownFileType = sourcecode.swift; path = RecipeImageTableViewCell.swift; sourceTree = "<group>"; };
		0C192F1F1CB295DB00811CB4 /* RecipeDetailSectionHeaderTableViewCell.swift */ = {isa = PBXFileReference; fileEncoding = 4; lastKnownFileType = sourcecode.swift; path = RecipeDetailSectionHeaderTableViewCell.swift; sourceTree = "<group>"; };
		0C192F211CB38C4B00811CB4 /* Category.swift */ = {isa = PBXFileReference; fileEncoding = 4; lastKnownFileType = sourcecode.swift; path = Category.swift; sourceTree = "<group>"; };
		0C192F231CB38D4B00811CB4 /* ParseCategory.swift */ = {isa = PBXFileReference; fileEncoding = 4; lastKnownFileType = sourcecode.swift; path = ParseCategory.swift; sourceTree = "<group>"; };
		0C192F261CB392BD00811CB4 /* CategoryTableViewCell.swift */ = {isa = PBXFileReference; fileEncoding = 4; lastKnownFileType = sourcecode.swift; path = CategoryTableViewCell.swift; sourceTree = "<group>"; };
		0C192F2A1CB39C8500811CB4 /* placeholder-w-text.png */ = {isa = PBXFileReference; lastKnownFileType = image.png; path = "placeholder-w-text.png"; sourceTree = "<group>"; };
		0C192F2C1CB39CC000811CB4 /* placeholder.jpg */ = {isa = PBXFileReference; lastKnownFileType = image.jpeg; path = placeholder.jpg; sourceTree = "<group>"; };
		0C1C31AC1CE9FC1200D9D934 /* tableview-bg-667h@2x.png */ = {isa = PBXFileReference; lastKnownFileType = image.png; path = "tableview-bg-667h@2x.png"; sourceTree = "<group>"; };
		0C1C31AF1CECECC200D9D934 /* NoActionsTextField.swift */ = {isa = PBXFileReference; fileEncoding = 4; lastKnownFileType = sourcecode.swift; path = NoActionsTextField.swift; sourceTree = "<group>"; };
		0C1F4C881CBE6E72002B0631 /* RecipesParentViewController.swift */ = {isa = PBXFileReference; fileEncoding = 4; lastKnownFileType = sourcecode.swift; lineEnding = 0; path = RecipesParentViewController.swift; sourceTree = "<group>"; xcLanguageSpecificationIdentifier = xcode.lang.swift; };
		0C407EBE1CDE50AD00C95F8E /* ParseFile.swift */ = {isa = PBXFileReference; fileEncoding = 4; lastKnownFileType = sourcecode.swift; path = ParseFile.swift; sourceTree = "<group>"; };
		0C47CF6F1CC3FA6600F26623 /* AboutViewController.swift */ = {isa = PBXFileReference; fileEncoding = 4; lastKnownFileType = sourcecode.swift; path = AboutViewController.swift; sourceTree = "<group>"; };
		0C47CF731CC49EB100F26623 /* Yochi.jpg */ = {isa = PBXFileReference; lastKnownFileType = image.jpeg; path = Yochi.jpg; sourceTree = "<group>"; };
		0C47CF751CC62DC900F26623 /* UIKitExtensions.swift */ = {isa = PBXFileReference; fileEncoding = 4; lastKnownFileType = sourcecode.swift; path = UIKitExtensions.swift; sourceTree = "<group>"; };
		0C47CF7B1CC667A500F26623 /* LoginViewController.swift */ = {isa = PBXFileReference; fileEncoding = 4; lastKnownFileType = sourcecode.swift; path = LoginViewController.swift; sourceTree = "<group>"; };
		0C47CF7E1CC66E1000F26623 /* AkiraTextField.swift */ = {isa = PBXFileReference; fileEncoding = 4; lastKnownFileType = sourcecode.swift; path = AkiraTextField.swift; sourceTree = "<group>"; };
		0C47CF7F1CC66E1000F26623 /* HoshiTextField.swift */ = {isa = PBXFileReference; fileEncoding = 4; lastKnownFileType = sourcecode.swift; path = HoshiTextField.swift; sourceTree = "<group>"; };
		0C47CF801CC66E1000F26623 /* Info.plist */ = {isa = PBXFileReference; fileEncoding = 4; lastKnownFileType = text.plist.xml; path = Info.plist; sourceTree = "<group>"; };
		0C47CF811CC66E1000F26623 /* IsaoTextField.swift */ = {isa = PBXFileReference; fileEncoding = 4; lastKnownFileType = sourcecode.swift; path = IsaoTextField.swift; sourceTree = "<group>"; };
		0C47CF821CC66E1000F26623 /* JiroTextField.swift */ = {isa = PBXFileReference; fileEncoding = 4; lastKnownFileType = sourcecode.swift; path = JiroTextField.swift; sourceTree = "<group>"; };
		0C47CF831CC66E1000F26623 /* KaedeTextField.swift */ = {isa = PBXFileReference; fileEncoding = 4; lastKnownFileType = sourcecode.swift; path = KaedeTextField.swift; sourceTree = "<group>"; };
		0C47CF841CC66E1000F26623 /* MadokaTextField.swift */ = {isa = PBXFileReference; fileEncoding = 4; lastKnownFileType = sourcecode.swift; path = MadokaTextField.swift; sourceTree = "<group>"; };
		0C47CF851CC66E1000F26623 /* MinoruTextField.swift */ = {isa = PBXFileReference; fileEncoding = 4; lastKnownFileType = sourcecode.swift; path = MinoruTextField.swift; sourceTree = "<group>"; };
		0C47CF861CC66E1000F26623 /* TextFieldEffects.h */ = {isa = PBXFileReference; fileEncoding = 4; lastKnownFileType = sourcecode.c.h; path = TextFieldEffects.h; sourceTree = "<group>"; };
		0C47CF871CC66E1000F26623 /* TextFieldsEffects.swift */ = {isa = PBXFileReference; fileEncoding = 4; lastKnownFileType = sourcecode.swift; path = TextFieldsEffects.swift; sourceTree = "<group>"; };
		0C47CF881CC66E1000F26623 /* YokoTextField.swift */ = {isa = PBXFileReference; fileEncoding = 4; lastKnownFileType = sourcecode.swift; path = YokoTextField.swift; sourceTree = "<group>"; };
		0C47CF891CC66E1000F26623 /* YoshikoTextField.swift */ = {isa = PBXFileReference; fileEncoding = 4; lastKnownFileType = sourcecode.swift; path = YoshikoTextField.swift; sourceTree = "<group>"; };
		0C7399591CE62CB90083CA34 /* DGElasticPullToRefreshConstants.swift */ = {isa = PBXFileReference; fileEncoding = 4; lastKnownFileType = sourcecode.swift; path = DGElasticPullToRefreshConstants.swift; sourceTree = "<group>"; };
		0C73995A1CE62CB90083CA34 /* DGElasticPullToRefreshExtensions.swift */ = {isa = PBXFileReference; fileEncoding = 4; lastKnownFileType = sourcecode.swift; path = DGElasticPullToRefreshExtensions.swift; sourceTree = "<group>"; };
		0C73995B1CE62CB90083CA34 /* DGElasticPullToRefreshLoadingView.swift */ = {isa = PBXFileReference; fileEncoding = 4; lastKnownFileType = sourcecode.swift; path = DGElasticPullToRefreshLoadingView.swift; sourceTree = "<group>"; };
		0C73995C1CE62CB90083CA34 /* DGElasticPullToRefreshLoadingViewCircle.swift */ = {isa = PBXFileReference; fileEncoding = 4; lastKnownFileType = sourcecode.swift; path = DGElasticPullToRefreshLoadingViewCircle.swift; sourceTree = "<group>"; };
		0C73995D1CE62CB90083CA34 /* DGElasticPullToRefreshView.swift */ = {isa = PBXFileReference; fileEncoding = 4; lastKnownFileType = sourcecode.swift; path = DGElasticPullToRefreshView.swift; sourceTree = "<group>"; };
		0C7BD9CA1CA7F7120056ADCD /* CategoriesViewController.swift */ = {isa = PBXFileReference; fileEncoding = 4; lastKnownFileType = sourcecode.swift; lineEnding = 0; path = CategoriesViewController.swift; sourceTree = "<group>"; xcLanguageSpecificationIdentifier = xcode.lang.swift; };
		0C7BD9CC1CA8020E0056ADCD /* FavoritesViewController.swift */ = {isa = PBXFileReference; fileEncoding = 4; lastKnownFileType = sourcecode.swift; lineEnding = 0; path = FavoritesViewController.swift; sourceTree = "<group>"; xcLanguageSpecificationIdentifier = xcode.lang.swift; };
		0C7BD9CE1CA802780056ADCD /* RecipesViewController.swift */ = {isa = PBXFileReference; fileEncoding = 4; lastKnownFileType = sourcecode.swift; lineEnding = 0; path = RecipesViewController.swift; sourceTree = "<group>"; xcLanguageSpecificationIdentifier = xcode.lang.swift; };
		0C7BD9E51CA808D00056ADCD /* Recipe.swift */ = {isa = PBXFileReference; fileEncoding = 4; lastKnownFileType = sourcecode.swift; path = Recipe.swift; sourceTree = "<group>"; };
		0C7BD9E71CA809AD0056ADCD /* ParseHelper.swift */ = {isa = PBXFileReference; fileEncoding = 4; lastKnownFileType = sourcecode.swift; lineEnding = 0; path = ParseHelper.swift; sourceTree = "<group>"; xcLanguageSpecificationIdentifier = xcode.lang.swift; };
		0C7BD9EA1CA80DAF0056ADCD /* ParseRecipe.swift */ = {isa = PBXFileReference; fileEncoding = 4; lastKnownFileType = sourcecode.swift; path = ParseRecipe.swift; sourceTree = "<group>"; };
		0C7BDA771CA90DB70056ADCD /* RecipeTableViewCell.swift */ = {isa = PBXFileReference; fileEncoding = 4; lastKnownFileType = sourcecode.swift; path = RecipeTableViewCell.swift; sourceTree = "<group>"; };
		0C7BDA791CA90E650056ADCD /* RecipeDetails.swift */ = {isa = PBXFileReference; fileEncoding = 4; lastKnownFileType = sourcecode.swift; path = RecipeDetails.swift; sourceTree = "<group>"; };
		0C7BDA7B1CA931F80056ADCD /* Constants.swift */ = {isa = PBXFileReference; fileEncoding = 4; lastKnownFileType = sourcecode.swift; path = Constants.swift; sourceTree = "<group>"; };
		0C7BDA7D1CA942DF0056ADCD /* Helpers.swift */ = {isa = PBXFileReference; fileEncoding = 4; lastKnownFileType = sourcecode.swift; lineEnding = 0; path = Helpers.swift; sourceTree = "<group>"; xcLanguageSpecificationIdentifier = xcode.lang.swift; };
		0C7BDA821CA95E260056ADCD /* Base */ = {isa = PBXFileReference; lastKnownFileType = text.plist.strings; name = Base; path = Base.lproj/Localizable.strings; sourceTree = "<group>"; };
		0C7BDA841CA969BB0056ADCD /* FoundationExtensions.swift */ = {isa = PBXFileReference; fileEncoding = 4; lastKnownFileType = sourcecode.swift; lineEnding = 0; path = FoundationExtensions.swift; sourceTree = "<group>"; xcLanguageSpecificationIdentifier = xcode.lang.swift; };
		0C999F5B1CB4D80400E3844D /* KingfisherHelper.swift */ = {isa = PBXFileReference; fileEncoding = 4; lastKnownFileType = sourcecode.swift; path = KingfisherHelper.swift; sourceTree = "<group>"; };
		0C999F5D1CB5028C00E3844D /* FavoriteRecipeTableViewCell.swift */ = {isa = PBXFileReference; fileEncoding = 4; lastKnownFileType = sourcecode.swift; path = FavoriteRecipeTableViewCell.swift; sourceTree = "<group>"; };
		0C9B154D1CD5CCD6009412AE /* AddDirectionTableViewCell.swift */ = {isa = PBXFileReference; fileEncoding = 4; lastKnownFileType = sourcecode.swift; lineEnding = 0; path = AddDirectionTableViewCell.swift; sourceTree = "<group>"; xcLanguageSpecificationIdentifier = xcode.lang.swift; };
		0C9B154F1CD5CD45009412AE /* AddDirectionSectionTableViewCell.swift */ = {isa = PBXFileReference; fileEncoding = 4; lastKnownFileType = sourcecode.swift; path = AddDirectionSectionTableViewCell.swift; sourceTree = "<group>"; };
		0CA4A2E01CEEFE59000FC8CD /* placeholder-w-add.png */ = {isa = PBXFileReference; lastKnownFileType = image.png; path = "placeholder-w-add.png"; sourceTree = "<group>"; };
		0CA7C1371CBAA2FB00BEDD65 /* ActivityIndicator.swift */ = {isa = PBXFileReference; fileEncoding = 4; lastKnownFileType = sourcecode.swift; path = ActivityIndicator.swift; sourceTree = "<group>"; };
		0CA7C13B1CBB869A00BEDD65 /* placeholder-bg.png */ = {isa = PBXFileReference; lastKnownFileType = image.png; path = "placeholder-bg.png"; sourceTree = "<group>"; };
		0CCC381E1CBBB2BF0055384F /* Reachability.swift */ = {isa = PBXFileReference; fileEncoding = 4; lastKnownFileType = sourcecode.swift; path = Reachability.swift; sourceTree = "<group>"; };
		0CCC38211CBBBCB60055384F /* SwiftPrompts.swift */ = {isa = PBXFileReference; fileEncoding = 4; lastKnownFileType = sourcecode.swift; path = SwiftPrompts.swift; sourceTree = "<group>"; };
		0CCC38221CBBBCB60055384F /* SwiftPromptsView.swift */ = {isa = PBXFileReference; fileEncoding = 4; lastKnownFileType = sourcecode.swift; path = SwiftPromptsView.swift; sourceTree = "<group>"; };
		0CCC38231CBBBCB60055384F /* UIImageEffects.swift */ = {isa = PBXFileReference; fileEncoding = 4; lastKnownFileType = sourcecode.swift; path = UIImageEffects.swift; sourceTree = "<group>"; };
		0CCC382B1CBBE20D0055384F /* SwiftPromptHelper.swift */ = {isa = PBXFileReference; fileEncoding = 4; lastKnownFileType = sourcecode.swift; lineEnding = 0; path = SwiftPromptHelper.swift; sourceTree = "<group>"; xcLanguageSpecificationIdentifier = xcode.lang.swift; };
		0CD15FEF1CB1323200C7B828 /* hillelclm-medium-webfont.ttf */ = {isa = PBXFileReference; lastKnownFileType = file; path = "hillelclm-medium-webfont.ttf"; sourceTree = "<group>"; };
		0CD15FF11CB140F000C7B828 /* Alef-bold.ttf */ = {isa = PBXFileReference; lastKnownFileType = file; path = "Alef-bold.ttf"; sourceTree = "<group>"; };
		0CD15FF21CB140F000C7B828 /* Alef-regular.ttf */ = {isa = PBXFileReference; lastKnownFileType = file; path = "Alef-regular.ttf"; sourceTree = "<group>"; };
		0CD15FF51CB14C8500C7B828 /* RecipeSubtitleTableViewCell.swift */ = {isa = PBXFileReference; fileEncoding = 4; lastKnownFileType = sourcecode.swift; path = RecipeSubtitleTableViewCell.swift; sourceTree = "<group>"; };
		3F034CECECBD111DBD3ABD2B /* Pods-Recipes.debug.xcconfig */ = {isa = PBXFileReference; includeInIndex = 1; lastKnownFileType = text.xcconfig; name = "Pods-Recipes.debug.xcconfig"; path = "Pods/Target Support Files/Pods-Recipes/Pods-Recipes.debug.xcconfig"; sourceTree = "<group>"; };
		568AC2BB5A1C2324521B8980 /* Pods_Recipes.framework */ = {isa = PBXFileReference; explicitFileType = wrapper.framework; includeInIndex = 0; path = Pods_Recipes.framework; sourceTree = BUILT_PRODUCTS_DIR; };
		81BA81451A49DA1800E65899 /* Recipes.app */ = {isa = PBXFileReference; explicitFileType = wrapper.application; includeInIndex = 0; path = Recipes.app; sourceTree = BUILT_PRODUCTS_DIR; };
		81BA81491A49DA1800E65899 /* Info.plist */ = {isa = PBXFileReference; lastKnownFileType = text.plist.xml; path = Info.plist; sourceTree = "<group>"; };
		81BA814A1A49DA1800E65899 /* AppDelegate.swift */ = {isa = PBXFileReference; lastKnownFileType = sourcecode.swift; lineEnding = 0; path = AppDelegate.swift; sourceTree = "<group>"; xcLanguageSpecificationIdentifier = xcode.lang.swift; };
		81BA814C1A49DA1800E65899 /* ViewController.swift */ = {isa = PBXFileReference; lastKnownFileType = sourcecode.swift; path = ViewController.swift; sourceTree = "<group>"; };
		81BA814F1A49DA1800E65899 /* Base */ = {isa = PBXFileReference; lastKnownFileType = file.storyboard; name = Base; path = Base.lproj/Main.storyboard; sourceTree = "<group>"; };
		81BA81511A49DA1800E65899 /* Images.xcassets */ = {isa = PBXFileReference; lastKnownFileType = folder.assetcatalog; path = Images.xcassets; sourceTree = "<group>"; };
		81BA816B1A49DB6800E65899 /* Bolts.framework */ = {isa = PBXFileReference; lastKnownFileType = wrapper.framework; path = Bolts.framework; sourceTree = "<group>"; };
		81BA816C1A49DB6800E65899 /* Parse.framework */ = {isa = PBXFileReference; lastKnownFileType = wrapper.framework; path = Parse.framework; sourceTree = "<group>"; };
		81BA816D1A49DB6800E65899 /* ParseCrashReporting.framework */ = {isa = PBXFileReference; lastKnownFileType = wrapper.framework; path = ParseCrashReporting.framework; sourceTree = "<group>"; };
		81BA816E1A49DB6800E65899 /* ParseFacebookUtils.framework */ = {isa = PBXFileReference; lastKnownFileType = wrapper.framework; path = ParseFacebookUtils.framework; sourceTree = "<group>"; };
		81BA81761A49E0D500E65899 /* libsqlite3.dylib */ = {isa = PBXFileReference; lastKnownFileType = "compiled.mach-o.dylib"; name = libsqlite3.dylib; path = usr/lib/libsqlite3.dylib; sourceTree = SDKROOT; };
		81BA81781A49E0DB00E65899 /* AudioToolbox.framework */ = {isa = PBXFileReference; lastKnownFileType = wrapper.framework; name = AudioToolbox.framework; path = System/Library/Frameworks/AudioToolbox.framework; sourceTree = SDKROOT; };
		81BA817A1A49E0E500E65899 /* SystemConfiguration.framework */ = {isa = PBXFileReference; lastKnownFileType = wrapper.framework; name = SystemConfiguration.framework; path = System/Library/Frameworks/SystemConfiguration.framework; sourceTree = SDKROOT; };
		81BA817E1A49E0F000E65899 /* libstdc++.6.dylib */ = {isa = PBXFileReference; lastKnownFileType = "compiled.mach-o.dylib"; name = "libstdc++.6.dylib"; path = "usr/lib/libstdc++.6.dylib"; sourceTree = SDKROOT; };
		81BA81801A49E10C00E65899 /* ParseUI.framework */ = {isa = PBXFileReference; lastKnownFileType = wrapper.framework; path = ParseUI.framework; sourceTree = "<group>"; };
		81BA81821A49E27F00E65899 /* ParseStarterProject-Bridging-Header.h */ = {isa = PBXFileReference; fileEncoding = 4; lastKnownFileType = sourcecode.c.h; path = "ParseStarterProject-Bridging-Header.h"; sourceTree = "<group>"; };
		DCD10118C4D27D6CBD36CF9F /* Pods-Recipes.release.xcconfig */ = {isa = PBXFileReference; includeInIndex = 1; lastKnownFileType = text.xcconfig; name = "Pods-Recipes.release.xcconfig"; path = "Pods/Target Support Files/Pods-Recipes/Pods-Recipes.release.xcconfig"; sourceTree = "<group>"; };
/* End PBXFileReference section */

/* Begin PBXFrameworksBuildPhase section */
		81BA81421A49DA1800E65899 /* Frameworks */ = {
			isa = PBXFrameworksBuildPhase;
			buildActionMask = 2147483647;
			files = (
				81BA817F1A49E0F000E65899 /* libstdc++.6.dylib in Frameworks */,
				81BA817B1A49E0E500E65899 /* SystemConfiguration.framework in Frameworks */,
				81BA81791A49E0DB00E65899 /* AudioToolbox.framework in Frameworks */,
				81BA81771A49E0D500E65899 /* libsqlite3.dylib in Frameworks */,
				81BA81711A49DB6800E65899 /* Parse.framework in Frameworks */,
				81BA81721A49DB6800E65899 /* ParseCrashReporting.framework in Frameworks */,
				81BA81731A49DB6800E65899 /* ParseFacebookUtils.framework in Frameworks */,
				81BA81811A49E10C00E65899 /* ParseUI.framework in Frameworks */,
				81BA81701A49DB6800E65899 /* Bolts.framework in Frameworks */,
				C2E225A389DBE39B1B800B4E /* Pods_Recipes.framework in Frameworks */,
			);
			runOnlyForDeploymentPostprocessing = 0;
		};
/* End PBXFrameworksBuildPhase section */

/* Begin PBXGroup section */
		0C0CD0BC1CABD09300F682F9 /* Libraries */ = {
			isa = PBXGroup;
			children = (
				0C7399581CE62CB90083CA34 /* DGElasticPullToRefresh */,
				0C47CF7D1CC66E1000F26623 /* TextFieldEffects */,
				0CCC38201CBBBCA10055384F /* SwiftPrompts */,
				0C0CD0C21CABD5E100F682F9 /* FontAwesomeSwift */,
			);
			path = Libraries;
			sourceTree = "<group>";
		};
		0C0CD0C21CABD5E100F682F9 /* FontAwesomeSwift */ = {
			isa = PBXGroup;
			children = (
				0C0CD0C31CABD5FB00F682F9 /* Enum.swift */,
				0C0CD0C41CABD5FB00F682F9 /* FontAwesome.h */,
				0C0CD0C51CABD5FB00F682F9 /* FontAwesome.otf */,
				0C0CD0C61CABD5FB00F682F9 /* FontAwesome.swift */,
			);
			path = FontAwesomeSwift;
			sourceTree = "<group>";
		};
		0C151EA81CC7CE0F00631614 /* AddRecipeCells */ = {
			isa = PBXGroup;
			children = (
				0C9B154D1CD5CCD6009412AE /* AddDirectionTableViewCell.swift */,
				0C9B154F1CD5CD45009412AE /* AddDirectionSectionTableViewCell.swift */,
				0C070DB01CD10EF90060CC8C /* AddRecipeButtonsTableViewCell.swift */,
				0C070DB21CD11ED80060CC8C /* AddIngredientSectionTableViewCell.swift */,
				0C070DAE1CD10CFD0060CC8C /* AddIngredientTableViewCell.swift */,
				0C070DAC1CD0E29C0060CC8C /* TotalTimeTableViewCell.swift */,
				0C151EB11CC8CA6100631614 /* GeneralInfoTableViewCell.swift */,
				0C151EAF1CC8BEA900631614 /* AddRecipeSectionHeaderTableViewCell.swift */,
				0C151EAB1CC8AB2900631614 /* ImageAddTableViewCell.swift */,
				0C151EA91CC7CE7D00631614 /* SectionHeaderTitleTableViewCell.swift */,
			);
			path = AddRecipeCells;
			sourceTree = "<group>";
		};
		0C192F0F1CB27FAB00811CB4 /* Fonts */ = {
			isa = PBXGroup;
			children = (
				0CD15FF11CB140F000C7B828 /* Alef-bold.ttf */,
				0CD15FF21CB140F000C7B828 /* Alef-regular.ttf */,
				0CD15FEF1CB1323200C7B828 /* hillelclm-medium-webfont.ttf */,
			);
			path = Fonts;
			sourceTree = "<group>";
		};
		0C192F101CB27FB200811CB4 /* Images */ = {
			isa = PBXGroup;
			children = (
				0C192F2C1CB39CC000811CB4 /* placeholder.jpg */,
				0CA7C13B1CBB869A00BEDD65 /* placeholder-bg.png */,
				0C192F2A1CB39C8500811CB4 /* placeholder-w-text.png */,
				0CA4A2E01CEEFE59000FC8CD /* placeholder-w-add.png */,
				0C192F111CB27FC500811CB4 /* tableview-bg-568h@2x.png */,
				0C1C31AC1CE9FC1200D9D934 /* tableview-bg-667h@2x.png */,
				0C192F131CB27FC500811CB4 /* tableview-bg-736h@3x.png */,
				0C192F141CB27FC500811CB4 /* tableview-bg.png */,
				0C192F151CB27FC500811CB4 /* tableview-bg@2x.png */,
				0C192F161CB27FC500811CB4 /* tableview-bg@3x.png */,
				0C47CF731CC49EB100F26623 /* Yochi.jpg */,
			);
			path = Images;
			sourceTree = "<group>";
		};
		0C192F251CB3928700811CB4 /* RecipeDetailsCells */ = {
			isa = PBXGroup;
			children = (
				0C192F1F1CB295DB00811CB4 /* RecipeDetailSectionHeaderTableViewCell.swift */,
				0CD15FF51CB14C8500C7B828 /* RecipeSubtitleTableViewCell.swift */,
				0C0CD0D01CAD61CC00F682F9 /* SectionHeaderTableViewCell.swift */,
				0C192F1D1CB28E6400811CB4 /* RecipeImageTableViewCell.swift */,
				0C0CD0D21CAD627000F682F9 /* PrepTimeTableViewCell.swift */,
				0C0CD0CE1CAD618E00F682F9 /* IngredientTableViewCell.swift */,
				0C0CD0CC1CAD614F00F682F9 /* DirectionTableViewCell.swift */,
			);
			path = RecipeDetailsCells;
			sourceTree = "<group>";
		};
		0C1C31AE1CECEC8C00D9D934 /* Controls */ = {
			isa = PBXGroup;
			children = (
				0C1C31AF1CECECC200D9D934 /* NoActionsTextField.swift */,
			);
			path = Controls;
			sourceTree = "<group>";
		};
		0C47CF7D1CC66E1000F26623 /* TextFieldEffects */ = {
			isa = PBXGroup;
			children = (
				0C47CF7E1CC66E1000F26623 /* AkiraTextField.swift */,
				0C47CF7F1CC66E1000F26623 /* HoshiTextField.swift */,
				0C47CF801CC66E1000F26623 /* Info.plist */,
				0C47CF811CC66E1000F26623 /* IsaoTextField.swift */,
				0C47CF821CC66E1000F26623 /* JiroTextField.swift */,
				0C47CF831CC66E1000F26623 /* KaedeTextField.swift */,
				0C47CF841CC66E1000F26623 /* MadokaTextField.swift */,
				0C47CF851CC66E1000F26623 /* MinoruTextField.swift */,
				0C47CF861CC66E1000F26623 /* TextFieldEffects.h */,
				0C47CF871CC66E1000F26623 /* TextFieldsEffects.swift */,
				0C47CF881CC66E1000F26623 /* YokoTextField.swift */,
				0C47CF891CC66E1000F26623 /* YoshikoTextField.swift */,
			);
			path = TextFieldEffects;
			sourceTree = "<group>";
		};
		0C7399581CE62CB90083CA34 /* DGElasticPullToRefresh */ = {
			isa = PBXGroup;
			children = (
				0C7399591CE62CB90083CA34 /* DGElasticPullToRefreshConstants.swift */,
				0C73995A1CE62CB90083CA34 /* DGElasticPullToRefreshExtensions.swift */,
				0C73995B1CE62CB90083CA34 /* DGElasticPullToRefreshLoadingView.swift */,
				0C73995C1CE62CB90083CA34 /* DGElasticPullToRefreshLoadingViewCircle.swift */,
				0C73995D1CE62CB90083CA34 /* DGElasticPullToRefreshView.swift */,
			);
			path = DGElasticPullToRefresh;
			sourceTree = "<group>";
		};
		0C7BD9E31CA808A70056ADCD /* Controller */ = {
			isa = PBXGroup;
			children = (
				81BA814C1A49DA1800E65899 /* ViewController.swift */,
				0C7BD9CA1CA7F7120056ADCD /* CategoriesViewController.swift */,
				0C7BD9CC1CA8020E0056ADCD /* FavoritesViewController.swift */,
				0C7BD9CE1CA802780056ADCD /* RecipesViewController.swift */,
				0C151EA61CC7CA7F00631614 /* AddRecipeViewController.swift */,
				0C0CD0CA1CAD016600F682F9 /* RecipeViewController.swift */,
				0C1F4C881CBE6E72002B0631 /* RecipesParentViewController.swift */,
				0C0535DA1CE24AB7009B00D5 /* SelectCategoriesTableViewController.swift */,
				0C47CF6F1CC3FA6600F26623 /* AboutViewController.swift */,
				0C47CF7B1CC667A500F26623 /* LoginViewController.swift */,
			);
			path = Controller;
			sourceTree = "<group>";
		};
		0C7BD9E41CA808B10056ADCD /* Model */ = {
			isa = PBXGroup;
			children = (
				0C192F211CB38C4B00811CB4 /* Category.swift */,
				0C7BD9E51CA808D00056ADCD /* Recipe.swift */,
			);
			path = Model;
			sourceTree = "<group>";
		};
		0C7BD9E91CA80D990056ADCD /* Parse */ = {
			isa = PBXGroup;
			children = (
				0C7BD9E71CA809AD0056ADCD /* ParseHelper.swift */,
				0C7BD9EA1CA80DAF0056ADCD /* ParseRecipe.swift */,
				0C192F231CB38D4B00811CB4 /* ParseCategory.swift */,
				0C151EA01CC7978E00631614 /* ParseUser.swift */,
				0C407EBE1CDE50AD00C95F8E /* ParseFile.swift */,
			);
			path = Parse;
			sourceTree = "<group>";
		};
		0C7BDA761CA90D9C0056ADCD /* Views */ = {
			isa = PBXGroup;
			children = (
				0C999F5F1CB502A000E3844D /* Cells */,
				0C7BDA791CA90E650056ADCD /* RecipeDetails.swift */,
			);
			path = Views;
			sourceTree = "<group>";
		};
		0C7BDA861CA969C70056ADCD /* Helpers */ = {
			isa = PBXGroup;
			children = (
				0C7BD9E91CA80D990056ADCD /* Parse */,
				0C7BDA7B1CA931F80056ADCD /* Constants.swift */,
				0C7BDA7D1CA942DF0056ADCD /* Helpers.swift */,
				0CA7C1371CBAA2FB00BEDD65 /* ActivityIndicator.swift */,
				0CCC382B1CBBE20D0055384F /* SwiftPromptHelper.swift */,
				0C7BDA841CA969BB0056ADCD /* FoundationExtensions.swift */,
				0C47CF751CC62DC900F26623 /* UIKitExtensions.swift */,
				0C0BF0B51CF39AF0001ED414 /* ODUIKitExtensions.swift */,
				0C999F5B1CB4D80400E3844D /* KingfisherHelper.swift */,
				0CCC381E1CBBB2BF0055384F /* Reachability.swift */,
				0C0BF0DE1CF48883001ED414 /* SVProgressHUDHelper.swift */,
			);
			path = Helpers;
			sourceTree = "<group>";
		};
		0C999F5F1CB502A000E3844D /* Cells */ = {
			isa = PBXGroup;
			children = (
				0C151EA81CC7CE0F00631614 /* AddRecipeCells */,
				0C192F251CB3928700811CB4 /* RecipeDetailsCells */,
				0C999F5D1CB5028C00E3844D /* FavoriteRecipeTableViewCell.swift */,
				0C7BDA771CA90DB70056ADCD /* RecipeTableViewCell.swift */,
				0C192F261CB392BD00811CB4 /* CategoryTableViewCell.swift */,
			);
			path = Cells;
			sourceTree = "<group>";
		};
		0CCC38201CBBBCA10055384F /* SwiftPrompts */ = {
			isa = PBXGroup;
			children = (
				0CCC38211CBBBCB60055384F /* SwiftPrompts.swift */,
				0CCC38221CBBBCB60055384F /* SwiftPromptsView.swift */,
				0CCC38231CBBBCB60055384F /* UIImageEffects.swift */,
			);
			path = SwiftPrompts;
			sourceTree = "<group>";
		};
		0CD15FEE1CB1320F00C7B828 /* Resources */ = {
			isa = PBXGroup;
			children = (
				0C192F101CB27FB200811CB4 /* Images */,
				0C192F0F1CB27FAB00811CB4 /* Fonts */,
			);
			path = Resources;
			sourceTree = "<group>";
		};
		81BA813C1A49DA1800E65899 = {
			isa = PBXGroup;
			children = (
				81BA81471A49DA1800E65899 /* Recipes */,
				81BA816A1A49DB5600E65899 /* Frameworks */,
				81BA81461A49DA1800E65899 /* Products */,
				83AF3BFC159E797E69C31DDC /* Pods */,
			);
			sourceTree = "<group>";
		};
		81BA81461A49DA1800E65899 /* Products */ = {
			isa = PBXGroup;
			children = (
				81BA81451A49DA1800E65899 /* Recipes.app */,
			);
			name = Products;
			sourceTree = "<group>";
		};
		81BA81471A49DA1800E65899 /* Recipes */ = {
			isa = PBXGroup;
			children = (
				0C7BDA861CA969C70056ADCD /* Helpers */,
				0C0CD0BC1CABD09300F682F9 /* Libraries */,
				0C7BD9E41CA808B10056ADCD /* Model */,
				0C1C31AE1CECEC8C00D9D934 /* Controls */,
				0C7BDA761CA90D9C0056ADCD /* Views */,
				0C7BD9E31CA808A70056ADCD /* Controller */,
				81BA814A1A49DA1800E65899 /* AppDelegate.swift */,
				81BA814E1A49DA1800E65899 /* Main.storyboard */,
				81BA81511A49DA1800E65899 /* Images.xcassets */,
				0CD15FEE1CB1320F00C7B828 /* Resources */,
				81BA81481A49DA1800E65899 /* Supporting Files */,
			);
			name = Recipes;
			path = ParseStarterProject;
			sourceTree = "<group>";
		};
		81BA81481A49DA1800E65899 /* Supporting Files */ = {
			isa = PBXGroup;
			children = (
				0C7BDA831CA95E260056ADCD /* Localizable.strings */,
				81BA81491A49DA1800E65899 /* Info.plist */,
				81BA81821A49E27F00E65899 /* ParseStarterProject-Bridging-Header.h */,
			);
			name = "Supporting Files";
			sourceTree = "<group>";
		};
		81BA816A1A49DB5600E65899 /* Frameworks */ = {
			isa = PBXGroup;
			children = (
				81BA816B1A49DB6800E65899 /* Bolts.framework */,
				81BA816C1A49DB6800E65899 /* Parse.framework */,
				81BA816D1A49DB6800E65899 /* ParseCrashReporting.framework */,
				81BA816E1A49DB6800E65899 /* ParseFacebookUtils.framework */,
				81BA81801A49E10C00E65899 /* ParseUI.framework */,
				81BA81751A49E0C500E65899 /* System Frameworks */,
				568AC2BB5A1C2324521B8980 /* Pods_Recipes.framework */,
			);
			name = Frameworks;
			sourceTree = "<group>";
		};
		81BA81751A49E0C500E65899 /* System Frameworks */ = {
			isa = PBXGroup;
			children = (
				81BA817E1A49E0F000E65899 /* libstdc++.6.dylib */,
				81BA817A1A49E0E500E65899 /* SystemConfiguration.framework */,
				81BA81781A49E0DB00E65899 /* AudioToolbox.framework */,
				81BA81761A49E0D500E65899 /* libsqlite3.dylib */,
			);
			name = "System Frameworks";
			sourceTree = "<group>";
		};
		83AF3BFC159E797E69C31DDC /* Pods */ = {
			isa = PBXGroup;
			children = (
				3F034CECECBD111DBD3ABD2B /* Pods-Recipes.debug.xcconfig */,
				DCD10118C4D27D6CBD36CF9F /* Pods-Recipes.release.xcconfig */,
			);
			name = Pods;
			sourceTree = "<group>";
		};
/* End PBXGroup section */

/* Begin PBXNativeTarget section */
		81BA81441A49DA1800E65899 /* Recipes */ = {
			isa = PBXNativeTarget;
			buildConfigurationList = 81BA81641A49DA1800E65899 /* Build configuration list for PBXNativeTarget "Recipes" */;
			buildPhases = (
				77F13890E0EAE268A853C50C /* Check Pods Manifest.lock */,
				81BA81411A49DA1800E65899 /* Sources */,
				81BA81421A49DA1800E65899 /* Frameworks */,
				81BA81431A49DA1800E65899 /* Resources */,
				81CC85E11A49F6D40076DE19 /* Upload Symbol Files */,
				ED5CB92920EF1B2BA0040AFE /* Embed Pods Frameworks */,
				B929CF9C97E4CE90B26EE0A9 /* Copy Pods Resources */,
			);
			buildRules = (
			);
			dependencies = (
			);
			name = Recipes;
			productName = ParseStarterProject;
			productReference = 81BA81451A49DA1800E65899 /* Recipes.app */;
			productType = "com.apple.product-type.application";
		};
/* End PBXNativeTarget section */

/* Begin PBXProject section */
		81BA813D1A49DA1800E65899 /* Project object */ = {
			isa = PBXProject;
			attributes = {
				LastSwiftUpdateCheck = 0700;
				LastUpgradeCheck = 0700;
				ORGANIZATIONNAME = Parse;
				TargetAttributes = {
					81BA81441A49DA1800E65899 = {
						CreatedOnToolsVersion = 6.1.1;
					};
				};
			};
			buildConfigurationList = 81BA81401A49DA1800E65899 /* Build configuration list for PBXProject "Recipes" */;
			compatibilityVersion = "Xcode 3.2";
			developmentRegion = English;
			hasScannedForEncodings = 0;
			knownRegions = (
				en,
				Base,
			);
			mainGroup = 81BA813C1A49DA1800E65899;
			productRefGroup = 81BA81461A49DA1800E65899 /* Products */;
			projectDirPath = "";
			projectRoot = "";
			targets = (
				81BA81441A49DA1800E65899 /* Recipes */,
			);
		};
/* End PBXProject section */

/* Begin PBXResourcesBuildPhase section */
		81BA81431A49DA1800E65899 /* Resources */ = {
			isa = PBXResourcesBuildPhase;
			buildActionMask = 2147483647;
			files = (
				81BA81501A49DA1800E65899 /* Main.storyboard in Resources */,
				0C192F1B1CB27FC500811CB4 /* tableview-bg@2x.png in Resources */,
				0C47CF8C1CC66E1000F26623 /* Info.plist in Resources */,
				0C192F1C1CB27FC500811CB4 /* tableview-bg@3x.png in Resources */,
				0C47CF741CC49EB100F26623 /* Yochi.jpg in Resources */,
				0C0CD0C81CABD5FB00F682F9 /* FontAwesome.otf in Resources */,
				0CD15FF41CB140F000C7B828 /* Alef-regular.ttf in Resources */,
				0C7BDA811CA95E260056ADCD /* Localizable.strings in Resources */,
				0CD15FF31CB140F000C7B828 /* Alef-bold.ttf in Resources */,
				0C192F191CB27FC500811CB4 /* tableview-bg-736h@3x.png in Resources */,
				0CA4A2E11CEEFE59000FC8CD /* placeholder-w-add.png in Resources */,
				0C1C31AD1CE9FC1200D9D934 /* tableview-bg-667h@2x.png in Resources */,
				0C192F1A1CB27FC500811CB4 /* tableview-bg.png in Resources */,
				0CD15FF01CB1323200C7B828 /* hillelclm-medium-webfont.ttf in Resources */,
				0C192F171CB27FC500811CB4 /* tableview-bg-568h@2x.png in Resources */,
				0C192F2B1CB39C8500811CB4 /* placeholder-w-text.png in Resources */,
				0C192F2D1CB39CC000811CB4 /* placeholder.jpg in Resources */,
				0CA7C13C1CBB869A00BEDD65 /* placeholder-bg.png in Resources */,
				81BA81521A49DA1800E65899 /* Images.xcassets in Resources */,
			);
			runOnlyForDeploymentPostprocessing = 0;
		};
/* End PBXResourcesBuildPhase section */

/* Begin PBXShellScriptBuildPhase section */
		77F13890E0EAE268A853C50C /* Check Pods Manifest.lock */ = {
			isa = PBXShellScriptBuildPhase;
			buildActionMask = 2147483647;
			files = (
			);
			inputPaths = (
			);
			name = "Check Pods Manifest.lock";
			outputPaths = (
			);
			runOnlyForDeploymentPostprocessing = 0;
			shellPath = /bin/sh;
			shellScript = "diff \"${PODS_ROOT}/../Podfile.lock\" \"${PODS_ROOT}/Manifest.lock\" > /dev/null\nif [[ $? != 0 ]] ; then\n    cat << EOM\nerror: The sandbox is not in sync with the Podfile.lock. Run 'pod install' or update your CocoaPods installation.\nEOM\n    exit 1\nfi\n";
			showEnvVarsInLog = 0;
		};
		81CC85E11A49F6D40076DE19 /* Upload Symbol Files */ = {
			isa = PBXShellScriptBuildPhase;
			buildActionMask = 2147483647;
			files = (
			);
			inputPaths = (
			);
			name = "Upload Symbol Files";
			outputPaths = (
			);
			runOnlyForDeploymentPostprocessing = 0;
			shellPath = /bin/sh;
			shellScript = "# This script will upload symbol files for your application,\n# so all your crash reports are going to be symbolicated\n\n# Important!\n# Before using the script, please initialize CloudCode folder and replace <path_to_cloudcode_folder> with the path to it\n#\n# Read more on Parse.com - https://parse.com/apps/quickstart#analytics/crashreporting/ios/\n############################################################\n\n\n# export PATH=/usr/local/bin:$PATH\n# cd <path_to_cloudcode_folder>\n\n# parse symbols -p \"${DWARF_DSYM_FOLDER_PATH}/${DWARF_DSYM_FILE_NAME}\"\n";
		};
		B929CF9C97E4CE90B26EE0A9 /* Copy Pods Resources */ = {
			isa = PBXShellScriptBuildPhase;
			buildActionMask = 2147483647;
			files = (
			);
			inputPaths = (
			);
			name = "Copy Pods Resources";
			outputPaths = (
			);
			runOnlyForDeploymentPostprocessing = 0;
			shellPath = /bin/sh;
			shellScript = "\"${SRCROOT}/Pods/Target Support Files/Pods-Recipes/Pods-Recipes-resources.sh\"\n";
			showEnvVarsInLog = 0;
		};
		ED5CB92920EF1B2BA0040AFE /* Embed Pods Frameworks */ = {
			isa = PBXShellScriptBuildPhase;
			buildActionMask = 2147483647;
			files = (
			);
			inputPaths = (
			);
			name = "Embed Pods Frameworks";
			outputPaths = (
			);
			runOnlyForDeploymentPostprocessing = 0;
			shellPath = /bin/sh;
			shellScript = "\"${SRCROOT}/Pods/Target Support Files/Pods-Recipes/Pods-Recipes-frameworks.sh\"\n";
			showEnvVarsInLog = 0;
		};
/* End PBXShellScriptBuildPhase section */

/* Begin PBXSourcesBuildPhase section */
		81BA81411A49DA1800E65899 /* Sources */ = {
			isa = PBXSourcesBuildPhase;
			buildActionMask = 2147483647;
			files = (
				0C47CF921CC66E1000F26623 /* TextFieldsEffects.swift in Sources */,
				81BA814D1A49DA1800E65899 /* ViewController.swift in Sources */,
				0C7399621CE62CB90083CA34 /* DGElasticPullToRefreshView.swift in Sources */,
				0C0CD0D11CAD61CC00F682F9 /* SectionHeaderTableViewCell.swift in Sources */,
				0C9B15501CD5CD45009412AE /* AddDirectionSectionTableViewCell.swift in Sources */,
				0C47CF911CC66E1000F26623 /* MinoruTextField.swift in Sources */,
				0C7BDA7C1CA931F80056ADCD /* Constants.swift in Sources */,
				81BA814B1A49DA1800E65899 /* AppDelegate.swift in Sources */,
				0C47CF7C1CC667A500F26623 /* LoginViewController.swift in Sources */,
				0C999F5C1CB4D80400E3844D /* KingfisherHelper.swift in Sources */,
				0C070DAF1CD10CFD0060CC8C /* AddIngredientTableViewCell.swift in Sources */,
				0C151EA11CC7978E00631614 /* ParseUser.swift in Sources */,
				0C1F4C891CBE6E72002B0631 /* RecipesParentViewController.swift in Sources */,
				0C73995F1CE62CB90083CA34 /* DGElasticPullToRefreshExtensions.swift in Sources */,
				0C407EBF1CDE50AD00C95F8E /* ParseFile.swift in Sources */,
				0C070DAD1CD0E29C0060CC8C /* TotalTimeTableViewCell.swift in Sources */,
				0C7BD9E81CA809AD0056ADCD /* ParseHelper.swift in Sources */,
				0C192F241CB38D4B00811CB4 /* ParseCategory.swift in Sources */,
				0C0CD0C91CABD5FB00F682F9 /* FontAwesome.swift in Sources */,
				0C0535DB1CE24AB7009B00D5 /* SelectCategoriesTableViewController.swift in Sources */,
				0CCC381F1CBBB2BF0055384F /* Reachability.swift in Sources */,
				0C47CF8D1CC66E1000F26623 /* IsaoTextField.swift in Sources */,
				0C7BDA781CA90DB70056ADCD /* RecipeTableViewCell.swift in Sources */,
				0C999F5E1CB5028C00E3844D /* FavoriteRecipeTableViewCell.swift in Sources */,
				0C47CF941CC66E1000F26623 /* YoshikoTextField.swift in Sources */,
				0C0BF0B61CF39AF0001ED414 /* ODUIKitExtensions.swift in Sources */,
				0CCC38261CBBBCB60055384F /* UIImageEffects.swift in Sources */,
				0C192F201CB295DB00811CB4 /* RecipeDetailSectionHeaderTableViewCell.swift in Sources */,
				0C151EB21CC8CA6100631614 /* GeneralInfoTableViewCell.swift in Sources */,
				0C151EAA1CC7CE7D00631614 /* SectionHeaderTitleTableViewCell.swift in Sources */,
				0C7399601CE62CB90083CA34 /* DGElasticPullToRefreshLoadingView.swift in Sources */,
				0C0BF0DF1CF48883001ED414 /* SVProgressHUDHelper.swift in Sources */,
				0C1C31B01CECECC200D9D934 /* NoActionsTextField.swift in Sources */,
				0C9B154E1CD5CCD6009412AE /* AddDirectionTableViewCell.swift in Sources */,
				0C7399611CE62CB90083CA34 /* DGElasticPullToRefreshLoadingViewCircle.swift in Sources */,
				0C0CD0D31CAD627000F682F9 /* PrepTimeTableViewCell.swift in Sources */,
				0CA7C1381CBAA2FB00BEDD65 /* ActivityIndicator.swift in Sources */,
				0C070DB31CD11ED80060CC8C /* AddIngredientSectionTableViewCell.swift in Sources */,
				0CCC38251CBBBCB60055384F /* SwiftPromptsView.swift in Sources */,
				0C47CF931CC66E1000F26623 /* YokoTextField.swift in Sources */,
				0C7BD9CD1CA8020E0056ADCD /* FavoritesViewController.swift in Sources */,
				0C47CF8F1CC66E1000F26623 /* KaedeTextField.swift in Sources */,
				0C47CF8B1CC66E1000F26623 /* HoshiTextField.swift in Sources */,
				0C192F271CB392BD00811CB4 /* CategoryTableViewCell.swift in Sources */,
				0C7BD9E61CA808D00056ADCD /* Recipe.swift in Sources */,
				0C070DB11CD10EF90060CC8C /* AddRecipeButtonsTableViewCell.swift in Sources */,
				0C47CF8A1CC66E1000F26623 /* AkiraTextField.swift in Sources */,
				0CCC382C1CBBE20D0055384F /* SwiftPromptHelper.swift in Sources */,
				0C0CD0CF1CAD618E00F682F9 /* IngredientTableViewCell.swift in Sources */,
				0C7BDA7E1CA942DF0056ADCD /* Helpers.swift in Sources */,
				0C192F221CB38C4B00811CB4 /* Category.swift in Sources */,
				0C0CD0C71CABD5FB00F682F9 /* Enum.swift in Sources */,
				0C73995E1CE62CB90083CA34 /* DGElasticPullToRefreshConstants.swift in Sources */,
				0C47CF901CC66E1000F26623 /* MadokaTextField.swift in Sources */,
				0C151EB01CC8BEA900631614 /* AddRecipeSectionHeaderTableViewCell.swift in Sources */,
				0C0CD0CD1CAD614F00F682F9 /* DirectionTableViewCell.swift in Sources */,
				0C151EA71CC7CA7F00631614 /* AddRecipeViewController.swift in Sources */,
				0C7BDA851CA969BB0056ADCD /* FoundationExtensions.swift in Sources */,
				0CCC38241CBBBCB60055384F /* SwiftPrompts.swift in Sources */,
				0CD15FF61CB14C8500C7B828 /* RecipeSubtitleTableViewCell.swift in Sources */,
				0C7BD9CF1CA802780056ADCD /* RecipesViewController.swift in Sources */,
				0C47CF761CC62DC900F26623 /* UIKitExtensions.swift in Sources */,
				0C47CF701CC3FA6600F26623 /* AboutViewController.swift in Sources */,
				0C151EAC1CC8AB2900631614 /* ImageAddTableViewCell.swift in Sources */,
				0C0CD0CB1CAD016600F682F9 /* RecipeViewController.swift in Sources */,
				0C7BD9CB1CA7F7120056ADCD /* CategoriesViewController.swift in Sources */,
				0C7BDA7A1CA90E650056ADCD /* RecipeDetails.swift in Sources */,
				0C7BD9EB1CA80DAF0056ADCD /* ParseRecipe.swift in Sources */,
				0C192F1E1CB28E6400811CB4 /* RecipeImageTableViewCell.swift in Sources */,
				0C47CF8E1CC66E1000F26623 /* JiroTextField.swift in Sources */,
			);
			runOnlyForDeploymentPostprocessing = 0;
		};
/* End PBXSourcesBuildPhase section */

/* Begin PBXVariantGroup section */
		0C7BDA831CA95E260056ADCD /* Localizable.strings */ = {
			isa = PBXVariantGroup;
			children = (
				0C7BDA821CA95E260056ADCD /* Base */,
			);
			name = Localizable.strings;
			sourceTree = "<group>";
		};
		81BA814E1A49DA1800E65899 /* Main.storyboard */ = {
			isa = PBXVariantGroup;
			children = (
				81BA814F1A49DA1800E65899 /* Base */,
			);
			name = Main.storyboard;
			sourceTree = "<group>";
		};
/* End PBXVariantGroup section */

/* Begin XCBuildConfiguration section */
		81BA81621A49DA1800E65899 /* Debug */ = {
			isa = XCBuildConfiguration;
			buildSettings = {
				ALWAYS_SEARCH_USER_PATHS = NO;
				CLANG_CXX_LANGUAGE_STANDARD = "gnu++0x";
				CLANG_CXX_LIBRARY = "libc++";
				CLANG_ENABLE_MODULES = YES;
				CLANG_ENABLE_OBJC_ARC = YES;
				CLANG_WARN_BOOL_CONVERSION = YES;
				CLANG_WARN_CONSTANT_CONVERSION = YES;
				CLANG_WARN_DIRECT_OBJC_ISA_USAGE = YES_ERROR;
				CLANG_WARN_EMPTY_BODY = YES;
				CLANG_WARN_ENUM_CONVERSION = YES;
				CLANG_WARN_INT_CONVERSION = YES;
				CLANG_WARN_OBJC_ROOT_CLASS = YES_ERROR;
				CLANG_WARN_UNREACHABLE_CODE = YES;
				CLANG_WARN__DUPLICATE_METHOD_MATCH = YES;
				"CODE_SIGN_IDENTITY[sdk=iphoneos*]" = "iPhone Developer";
				COPY_PHASE_STRIP = NO;
				ENABLE_STRICT_OBJC_MSGSEND = YES;
				ENABLE_TESTABILITY = YES;
				GCC_C_LANGUAGE_STANDARD = gnu99;
				GCC_DYNAMIC_NO_PIC = NO;
				GCC_OPTIMIZATION_LEVEL = 0;
				GCC_PREPROCESSOR_DEFINITIONS = (
					"DEBUG=1",
					"$(inherited)",
				);
				GCC_SYMBOLS_PRIVATE_EXTERN = NO;
				GCC_WARN_64_TO_32_BIT_CONVERSION = YES;
				GCC_WARN_ABOUT_RETURN_TYPE = YES_ERROR;
				GCC_WARN_UNDECLARED_SELECTOR = YES;
				GCC_WARN_UNINITIALIZED_AUTOS = YES_AGGRESSIVE;
				GCC_WARN_UNUSED_FUNCTION = YES;
				GCC_WARN_UNUSED_VARIABLE = YES;
				IPHONEOS_DEPLOYMENT_TARGET = 8.0;
				MTL_ENABLE_DEBUG_INFO = YES;
				ONLY_ACTIVE_ARCH = YES;
				SDKROOT = iphoneos;
				SWIFT_OPTIMIZATION_LEVEL = "-Onone";
				TARGETED_DEVICE_FAMILY = "1,2";
			};
			name = Debug;
		};
		81BA81631A49DA1800E65899 /* Release */ = {
			isa = XCBuildConfiguration;
			buildSettings = {
				ALWAYS_SEARCH_USER_PATHS = NO;
				CLANG_CXX_LANGUAGE_STANDARD = "gnu++0x";
				CLANG_CXX_LIBRARY = "libc++";
				CLANG_ENABLE_MODULES = YES;
				CLANG_ENABLE_OBJC_ARC = YES;
				CLANG_WARN_BOOL_CONVERSION = YES;
				CLANG_WARN_CONSTANT_CONVERSION = YES;
				CLANG_WARN_DIRECT_OBJC_ISA_USAGE = YES_ERROR;
				CLANG_WARN_EMPTY_BODY = YES;
				CLANG_WARN_ENUM_CONVERSION = YES;
				CLANG_WARN_INT_CONVERSION = YES;
				CLANG_WARN_OBJC_ROOT_CLASS = YES_ERROR;
				CLANG_WARN_UNREACHABLE_CODE = YES;
				CLANG_WARN__DUPLICATE_METHOD_MATCH = YES;
				"CODE_SIGN_IDENTITY[sdk=iphoneos*]" = "iPhone Developer";
				COPY_PHASE_STRIP = YES;
				ENABLE_NS_ASSERTIONS = NO;
				ENABLE_STRICT_OBJC_MSGSEND = YES;
				GCC_C_LANGUAGE_STANDARD = gnu99;
				GCC_WARN_64_TO_32_BIT_CONVERSION = YES;
				GCC_WARN_ABOUT_RETURN_TYPE = YES_ERROR;
				GCC_WARN_UNDECLARED_SELECTOR = YES;
				GCC_WARN_UNINITIALIZED_AUTOS = YES_AGGRESSIVE;
				GCC_WARN_UNUSED_FUNCTION = YES;
				GCC_WARN_UNUSED_VARIABLE = YES;
				IPHONEOS_DEPLOYMENT_TARGET = 8.0;
				MTL_ENABLE_DEBUG_INFO = NO;
				SDKROOT = iphoneos;
				TARGETED_DEVICE_FAMILY = "1,2";
				VALIDATE_PRODUCT = YES;
			};
			name = Release;
		};
		81BA81651A49DA1800E65899 /* Debug */ = {
			isa = XCBuildConfiguration;
			baseConfigurationReference = 3F034CECECBD111DBD3ABD2B /* Pods-Recipes.debug.xcconfig */;
			buildSettings = {
				ASSETCATALOG_COMPILER_APPICON_NAME = AppIcon;
				FRAMEWORK_SEARCH_PATHS = (
					"$(inherited)",
					"$(PROJECT_DIR)",
				);
				INFOPLIST_FILE = ParseStarterProject/Info.plist;
				LD_RUNPATH_SEARCH_PATHS = "$(inherited) @executable_path/Frameworks";
				PRODUCT_BUNDLE_IDENTIFIER = com.parse.appdem;
				PRODUCT_NAME = Recipes;
				SWIFT_OBJC_BRIDGING_HEADER = "ParseStarterProject/ParseStarterProject-Bridging-Header.h";
			};
			name = Debug;
		};
		81BA81661A49DA1800E65899 /* Release */ = {
			isa = XCBuildConfiguration;
			baseConfigurationReference = DCD10118C4D27D6CBD36CF9F /* Pods-Recipes.release.xcconfig */;
			buildSettings = {
				ASSETCATALOG_COMPILER_APPICON_NAME = AppIcon;
				FRAMEWORK_SEARCH_PATHS = (
					"$(inherited)",
					"$(PROJECT_DIR)",
				);
				INFOPLIST_FILE = ParseStarterProject/Info.plist;
				LD_RUNPATH_SEARCH_PATHS = "$(inherited) @executable_path/Frameworks";
				PRODUCT_BUNDLE_IDENTIFIER = com.parse.appdem;
				PRODUCT_NAME = Recipes;
				SWIFT_OBJC_BRIDGING_HEADER = "ParseStarterProject/ParseStarterProject-Bridging-Header.h";
			};
			name = Release;
		};
/* End XCBuildConfiguration section */

/* Begin XCConfigurationList section */
		81BA81401A49DA1800E65899 /* Build configuration list for PBXProject "Recipes" */ = {
			isa = XCConfigurationList;
			buildConfigurations = (
				81BA81621A49DA1800E65899 /* Debug */,
				81BA81631A49DA1800E65899 /* Release */,
			);
			defaultConfigurationIsVisible = 0;
			defaultConfigurationName = Release;
		};
		81BA81641A49DA1800E65899 /* Build configuration list for PBXNativeTarget "Recipes" */ = {
			isa = XCConfigurationList;
			buildConfigurations = (
				81BA81651A49DA1800E65899 /* Debug */,
				81BA81661A49DA1800E65899 /* Release */,
			);
			defaultConfigurationIsVisible = 0;
			defaultConfigurationName = Release;
		};
/* End XCConfigurationList section */
	};
	rootObject = 81BA813D1A49DA1800E65899 /* Project object */;
}
