PODS:
  - Kingfisher (3.1.4)
  - NVActivityIndicatorView (2.4)
  - SVProgressHUD (2.0.3)

DEPENDENCIES:
  - Kingfisher (~> 3.0)
  - NVActivityIndicatorView
  - SVProgressHUD (from `https://github.com/SVProgressHUD/SVProgressHUD.git`)

EXTERNAL SOURCES:
  SVProgressHUD:
    :git: https://github.com/SVProgressHUD/SVProgressHUD.git

CHECKOUT OPTIONS:
  SVProgressHUD:
    :commit: c406f0ac1929b21ab444608eb4ab27035bb57a21
    :git: https://github.com/SVProgressHUD/SVProgressHUD.git

SPEC CHECKSUMS:
  Kingfisher: 6c67e3e57f2d81a9cfdfa25052cd86f33ceac9bb
  NVActivityIndicatorView: 275a3248d752b5eb1163b33aee664d7e3b43c101
  SVProgressHUD: b0830714205bea1317ea1a2ebc71e5633af334d4

COCOAPODS: 0.39.0
